// !$*UTF8*$!
{
	archiveVersion = 1;
	classes = {
	};
	objectVersion = 56;
	objects = {

/* Begin PBXBuildFile section */
		ADA774512A1B885000D63393 /* AppDelegate.swift in Sources */ = {isa = PBXBuildFile; fileRef = ADA774502A1B885000D63393 /* AppDelegate.swift */; };
		ADA774532A1B885000D63393 /* SceneDelegate.swift in Sources */ = {isa = PBXBuildFile; fileRef = ADA774522A1B885000D63393 /* SceneDelegate.swift */; };
		ADA774552A1B885000D63393 /* ViewController.swift in Sources */ = {isa = PBXBuildFile; fileRef = ADA774542A1B885000D63393 /* ViewController.swift */; };
		ADA774582A1B885000D63393 /* Main.storyboard in Resources */ = {isa = PBXBuildFile; fileRef = ADA774562A1B885000D63393 /* Main.storyboard */; };
		ADA7745A2A1B885100D63393 /* Assets.xcassets in Resources */ = {isa = PBXBuildFile; fileRef = ADA774592A1B885100D63393 /* Assets.xcassets */; };
		ADA7745D2A1B885100D63393 /* LaunchScreen.storyboard in Resources */ = {isa = PBXBuildFile; fileRef = ADA7745B2A1B885100D63393 /* LaunchScreen.storyboard */; };
		ADA774672A1B899D00D63393 /* ViewControllerScreen.swift in Sources */ = {isa = PBXBuildFile; fileRef = ADA774662A1B899D00D63393 /* ViewControllerScreen.swift */; };
/* End PBXBuildFile section */

/* Begin PBXFileReference section */
		ADA7744D2A1B885000D63393 /* 21-PrimeiroProjetoAcessibilidade.app */ = {isa = PBXFileReference; explicitFileType = wrapper.application; includeInIndex = 0; path = "21-PrimeiroProjetoAcessibilidade.app"; sourceTree = BUILT_PRODUCTS_DIR; };
		ADA774502A1B885000D63393 /* AppDelegate.swift */ = {isa = PBXFileReference; lastKnownFileType = sourcecode.swift; path = AppDelegate.swift; sourceTree = "<group>"; };
		ADA774522A1B885000D63393 /* SceneDelegate.swift */ = {isa = PBXFileReference; lastKnownFileType = sourcecode.swift; path = SceneDelegate.swift; sourceTree = "<group>"; };
		ADA774542A1B885000D63393 /* ViewController.swift */ = {isa = PBXFileReference; lastKnownFileType = sourcecode.swift; path = ViewController.swift; sourceTree = "<group>"; };
		ADA774572A1B885000D63393 /* Base */ = {isa = PBXFileReference; lastKnownFileType = file.storyboard; name = Base; path = Base.lproj/Main.storyboard; sourceTree = "<group>"; };
		ADA774592A1B885100D63393 /* Assets.xcassets */ = {isa = PBXFileReference; lastKnownFileType = folder.assetcatalog; path = Assets.xcassets; sourceTree = "<group>"; };
		ADA7745C2A1B885100D63393 /* Base */ = {isa = PBXFileReference; lastKnownFileType = file.storyboard; name = Base; path = Base.lproj/LaunchScreen.storyboard; sourceTree = "<group>"; };
		ADA7745E2A1B885100D63393 /* Info.plist */ = {isa = PBXFileReference; lastKnownFileType = text.plist.xml; path = Info.plist; sourceTree = "<group>"; };
		ADA774662A1B899D00D63393 /* ViewControllerScreen.swift */ = {isa = PBXFileReference; lastKnownFileType = sourcecode.swift; path = ViewControllerScreen.swift; sourceTree = "<group>"; };
/* End PBXFileReference section */

/* Begin PBXFrameworksBuildPhase section */
		ADA7744A2A1B885000D63393 /* Frameworks */ = {
			isa = PBXFrameworksBuildPhase;
			buildActionMask = 2147483647;
			files = (
			);
			runOnlyForDeploymentPostprocessing = 0;
		};
/* End PBXFrameworksBuildPhase section */

/* Begin PBXGroup section */
		ADA774442A1B885000D63393 = {
			isa = PBXGroup;
			children = (
				ADA7744F2A1B885000D63393 /* 21-PrimeiroProjetoAcessibilidade */,
				ADA7744E2A1B885000D63393 /* Products */,
			);
			sourceTree = "<group>";
		};
		ADA7744E2A1B885000D63393 /* Products */ = {
			isa = PBXGroup;
			children = (
				ADA7744D2A1B885000D63393 /* 21-PrimeiroProjetoAcessibilidade.app */,
			);
			name = Products;
			sourceTree = "<group>";
		};
		ADA7744F2A1B885000D63393 /* 21-PrimeiroProjetoAcessibilidade */ = {
			isa = PBXGroup;
			children = (
				ADA774652A1B898300D63393 /* Screen */,
				ADA774642A1B897500D63393 /* VC */,
				ADA774502A1B885000D63393 /* AppDelegate.swift */,
				ADA774522A1B885000D63393 /* SceneDelegate.swift */,
				ADA774562A1B885000D63393 /* Main.storyboard */,
				ADA774592A1B885100D63393 /* Assets.xcassets */,
				ADA7745B2A1B885100D63393 /* LaunchScreen.storyboard */,
				ADA7745E2A1B885100D63393 /* Info.plist */,
			);
			path = "21-PrimeiroProjetoAcessibilidade";
			sourceTree = "<group>";
		};
		ADA774642A1B897500D63393 /* VC */ = {
			isa = PBXGroup;
			children = (
				ADA774542A1B885000D63393 /* ViewController.swift */,
			);
			path = VC;
			sourceTree = "<group>";
		};
		ADA774652A1B898300D63393 /* Screen */ = {
			isa = PBXGroup;
			children = (
				ADA774662A1B899D00D63393 /* ViewControllerScreen.swift */,
			);
			path = Screen;
			sourceTree = "<group>";
		};
/* End PBXGroup section */

/* Begin PBXNativeTarget section */
		ADA7744C2A1B885000D63393 /* 21-PrimeiroProjetoAcessibilidade */ = {
			isa = PBXNativeTarget;
			buildConfigurationList = ADA774612A1B885100D63393 /* Build configuration list for PBXNativeTarget "21-PrimeiroProjetoAcessibilidade" */;
			buildPhases = (
				ADA774492A1B885000D63393 /* Sources */,
				ADA7744A2A1B885000D63393 /* Frameworks */,
				ADA7744B2A1B885000D63393 /* Resources */,
			);
			buildRules = (
			);
			dependencies = (
			);
			name = "21-PrimeiroProjetoAcessibilidade";
			productName = "21-PrimeiroProjetoAcessibilidade";
			productReference = ADA7744D2A1B885000D63393 /* 21-PrimeiroProjetoAcessibilidade.app */;
			productType = "com.apple.product-type.application";
		};
/* End PBXNativeTarget section */

/* Begin PBXProject section */
		ADA774452A1B885000D63393 /* Project object */ = {
			isa = PBXProject;
			attributes = {
				BuildIndependentTargetsInParallel = 1;
				LastSwiftUpdateCheck = 1430;
				LastUpgradeCheck = 1430;
				TargetAttributes = {
					ADA7744C2A1B885000D63393 = {
						CreatedOnToolsVersion = 14.3;
					};
				};
			};
			buildConfigurationList = ADA774482A1B885000D63393 /* Build configuration list for PBXProject "21-PrimeiroProjetoAcessibilidade" */;
			compatibilityVersion = "Xcode 14.0";
			developmentRegion = en;
			hasScannedForEncodings = 0;
			knownRegions = (
				en,
				Base,
			);
			mainGroup = ADA774442A1B885000D63393;
			productRefGroup = ADA7744E2A1B885000D63393 /* Products */;
			projectDirPath = "";
			projectRoot = "";
			targets = (
				ADA7744C2A1B885000D63393 /* 21-PrimeiroProjetoAcessibilidade */,
			);
		};
/* End PBXProject section */

/* Begin PBXResourcesBuildPhase section */
		ADA7744B2A1B885000D63393 /* Resources */ = {
			isa = PBXResourcesBuildPhase;
			buildActionMask = 2147483647;
			files = (
				ADA7745D2A1B885100D63393 /* LaunchScreen.storyboard in Resources */,
				ADA7745A2A1B885100D63393 /* Assets.xcassets in Resources */,
				ADA774582A1B885000D63393 /* Main.storyboard in Resources */,
			);
			runOnlyForDeploymentPostprocessing = 0;
		};
/* End PBXResourcesBuildPhase section */

/* Begin PBXSourcesBuildPhase section */
		ADA774492A1B885000D63393 /* Sources */ = {
			isa = PBXSourcesBuildPhase;
			buildActionMask = 2147483647;
			files = (
				ADA774672A1B899D00D63393 /* ViewControllerScreen.swift in Sources */,
				ADA774552A1B885000D63393 /* ViewController.swift in Sources */,
				ADA774512A1B885000D63393 /* AppDelegate.swift in Sources */,
				ADA774532A1B885000D63393 /* SceneDelegate.swift in Sources */,
			);
			runOnlyForDeploymentPostprocessing = 0;
		};
/* End PBXSourcesBuildPhase section */

/* Begin PBXVariantGroup section */
		ADA774562A1B885000D63393 /* Main.storyboard */ = {
			isa = PBXVariantGroup;
			children = (
				ADA774572A1B885000D63393 /* Base */,
			);
			name = Main.storyboard;
			sourceTree = "<group>";
		};
		ADA7745B2A1B885100D63393 /* LaunchScreen.storyboard */ = {
			isa = PBXVariantGroup;
			children = (
				ADA7745C2A1B885100D63393 /* Base */,
			);
			name = LaunchScreen.storyboard;
			sourceTree = "<group>";
		};
/* End PBXVariantGroup section */

/* Begin XCBuildConfiguration section */
		ADA7745F2A1B885100D63393 /* Debug */ = {
			isa = XCBuildConfiguration;
			buildSettings = {
				ALWAYS_SEARCH_USER_PATHS = NO;
				CLANG_ANALYZER_NONNULL = YES;
				CLANG_ANALYZER_NUMBER_OBJECT_CONVERSION = YES_AGGRESSIVE;
				CLANG_CXX_LANGUAGE_STANDARD = "gnu++20";
				CLANG_ENABLE_MODULES = YES;
				CLANG_ENABLE_OBJC_ARC = YES;
				CLANG_ENABLE_OBJC_WEAK = YES;
				CLANG_WARN_BLOCK_CAPTURE_AUTORELEASING = YES;
				CLANG_WARN_BOOL_CONVERSION = YES;
				CLANG_WARN_COMMA = YES;
				CLANG_WARN_CONSTANT_CONVERSION = YES;
				CLANG_WARN_DEPRECATED_OBJC_IMPLEMENTATIONS = YES;
				CLANG_WARN_DIRECT_OBJC_ISA_USAGE = YES_ERROR;
				CLANG_WARN_DOCUMENTATION_COMMENTS = YES;
				CLANG_WARN_EMPTY_BODY = YES;
				CLANG_WARN_ENUM_CONVERSION = YES;
				CLANG_WARN_INFINITE_RECURSION = YES;
				CLANG_WARN_INT_CONVERSION = YES;
				CLANG_WARN_NON_LITERAL_NULL_CONVERSION = YES;
				CLANG_WARN_OBJC_IMPLICIT_RETAIN_SELF = YES;
				CLANG_WARN_OBJC_LITERAL_CONVERSION = YES;
				CLANG_WARN_OBJC_ROOT_CLASS = YES_ERROR;
				CLANG_WARN_QUOTED_INCLUDE_IN_FRAMEWORK_HEADER = YES;
				CLANG_WARN_RANGE_LOOP_ANALYSIS = YES;
				CLANG_WARN_STRICT_PROTOTYPES = YES;
				CLANG_WARN_SUSPICIOUS_MOVE = YES;
				CLANG_WARN_UNGUARDED_AVAILABILITY = YES_AGGRESSIVE;
				CLANG_WARN_UNREACHABLE_CODE = YES;
				CLANG_WARN__DUPLICATE_METHOD_MATCH = YES;
				COPY_PHASE_STRIP = NO;
				DEBUG_INFORMATION_FORMAT = dwarf;
				ENABLE_STRICT_OBJC_MSGSEND = YES;
				ENABLE_TESTABILITY = YES;
				GCC_C_LANGUAGE_STANDARD = gnu11;
				GCC_DYNAMIC_NO_PIC = NO;
				GCC_NO_COMMON_BLOCKS = YES;
				GCC_OPTIMIZATION_LEVEL = 0;
				GCC_PREPROCESSOR_DEFINITIONS = (
					"DEBUG=1",
					"$(inherited)",
				);
				GCC_WARN_64_TO_32_BIT_CONVERSION = YES;
				GCC_WARN_ABOUT_RETURN_TYPE = YES_ERROR;
				GCC_WARN_UNDECLARED_SELECTOR = YES;
				GCC_WARN_UNINITIALIZED_AUTOS = YES_AGGRESSIVE;
				GCC_WARN_UNUSED_FUNCTION = YES;
				GCC_WARN_UNUSED_VARIABLE = YES;
				IPHONEOS_DEPLOYMENT_TARGET = 16.4;
				MTL_ENABLE_DEBUG_INFO = INCLUDE_SOURCE;
				MTL_FAST_MATH = YES;
				ONLY_ACTIVE_ARCH = YES;
				SDKROOT = iphoneos;
				SWIFT_ACTIVE_COMPILATION_CONDITIONS = DEBUG;
				SWIFT_OPTIMIZATION_LEVEL = "-Onone";
			};
			name = Debug;
		};
		ADA774602A1B885100D63393 /* Release */ = {
			isa = XCBuildConfiguration;
			buildSettings = {
				ALWAYS_SEARCH_USER_PATHS = NO;
				CLANG_ANALYZER_NONNULL = YES;
				CLANG_ANALYZER_NUMBER_OBJECT_CONVERSION = YES_AGGRESSIVE;
				CLANG_CXX_LANGUAGE_STANDARD = "gnu++20";
				CLANG_ENABLE_MODULES = YES;
				CLANG_ENABLE_OBJC_ARC = YES;
				CLANG_ENABLE_OBJC_WEAK = YES;
				CLANG_WARN_BLOCK_CAPTURE_AUTORELEASING = YES;
				CLANG_WARN_BOOL_CONVERSION = YES;
				CLANG_WARN_COMMA = YES;
				CLANG_WARN_CONSTANT_CONVERSION = YES;
				CLANG_WARN_DEPRECATED_OBJC_IMPLEMENTATIONS = YES;
				CLANG_WARN_DIRECT_OBJC_ISA_USAGE = YES_ERROR;
				CLANG_WARN_DOCUMENTATION_COMMENTS = YES;
				CLANG_WARN_EMPTY_BODY = YES;
				CLANG_WARN_ENUM_CONVERSION = YES;
				CLANG_WARN_INFINITE_RECURSION = YES;
				CLANG_WARN_INT_CONVERSION = YES;
				CLANG_WARN_NON_LITERAL_NULL_CONVERSION = YES;
				CLANG_WARN_OBJC_IMPLICIT_RETAIN_SELF = YES;
				CLANG_WARN_OBJC_LITERAL_CONVERSION = YES;
				CLANG_WARN_OBJC_ROOT_CLASS = YES_ERROR;
				CLANG_WARN_QUOTED_INCLUDE_IN_FRAMEWORK_HEADER = YES;
				CLANG_WARN_RANGE_LOOP_ANALYSIS = YES;
				CLANG_WARN_STRICT_PROTOTYPES = YES;
				CLANG_WARN_SUSPICIOUS_MOVE = YES;
				CLANG_WARN_UNGUARDED_AVAILABILITY = YES_AGGRESSIVE;
				CLANG_WARN_UNREACHABLE_CODE = YES;
				CLANG_WARN__DUPLICATE_METHOD_MATCH = YES;
				COPY_PHASE_STRIP = NO;
				DEBUG_INFORMATION_FORMAT = "dwarf-with-dsym";
				ENABLE_NS_ASSERTIONS = NO;
				ENABLE_STRICT_OBJC_MSGSEND = YES;
				GCC_C_LANGUAGE_STANDARD = gnu11;
				GCC_NO_COMMON_BLOCKS = YES;
				GCC_WARN_64_TO_32_BIT_CONVERSION = YES;
				GCC_WARN_ABOUT_RETURN_TYPE = YES_ERROR;
				GCC_WARN_UNDECLARED_SELECTOR = YES;
				GCC_WARN_UNINITIALIZED_AUTOS = YES_AGGRESSIVE;
				GCC_WARN_UNUSED_FUNCTION = YES;
				GCC_WARN_UNUSED_VARIABLE = YES;
				IPHONEOS_DEPLOYMENT_TARGET = 16.4;
				MTL_ENABLE_DEBUG_INFO = NO;
				MTL_FAST_MATH = YES;
				SDKROOT = iphoneos;
				SWIFT_COMPILATION_MODE = wholemodule;
				SWIFT_OPTIMIZATION_LEVEL = "-O";
				VALIDATE_PRODUCT = YES;
			};
			name = Release;
		};
		ADA774622A1B885100D63393 /* Debug */ = {
			isa = XCBuildConfiguration;
			buildSettings = {
				ASSETCATALOG_COMPILER_APPICON_NAME = AppIcon;
				ASSETCATALOG_COMPILER_GLOBAL_ACCENT_COLOR_NAME = AccentColor;
				CODE_SIGN_STYLE = Automatic;
				CURRENT_PROJECT_VERSION = 1;
				GENERATE_INFOPLIST_FILE = YES;
				INFOPLIST_FILE = "21-PrimeiroProjetoAcessibilidade/Info.plist";
				INFOPLIST_KEY_UIApplicationSupportsIndirectInputEvents = YES;
				INFOPLIST_KEY_UILaunchStoryboardName = LaunchScreen;
				INFOPLIST_KEY_UIMainStoryboardFile = "";
				INFOPLIST_KEY_UISupportedInterfaceOrientations_iPad = "UIInterfaceOrientationPortrait UIInterfaceOrientationPortraitUpsideDown UIInterfaceOrientationLandscapeLeft UIInterfaceOrientationLandscapeRight";
				INFOPLIST_KEY_UISupportedInterfaceOrientations_iPhone = "UIInterfaceOrientationPortrait UIInterfaceOrientationLandscapeLeft UIInterfaceOrientationLandscapeRight";
				LD_RUNPATH_SEARCH_PATHS = (
					"$(inherited)",
					"@executable_path/Frameworks",
				);
				MARKETING_VERSION = 1.0;
				PRODUCT_BUNDLE_IDENTIFIER = "oga.company.-1-PrimeiroProjetoAcessibilidade";
				PRODUCT_NAME = "$(TARGET_NAME)";
				SWIFT_EMIT_LOC_STRINGS = YES;
				SWIFT_VERSION = 5.0;
				TARGETED_DEVICE_FAMILY = "1,2";
			};
			name = Debug;
		};
		ADA774632A1B885100D63393 /* Release */ = {
			isa = XCBuildConfiguration;
			buildSettings = {
				ASSETCATALOG_COMPILER_APPICON_NAME = AppIcon;
				ASSETCATALOG_COMPILER_GLOBAL_ACCENT_COLOR_NAME = AccentColor;
				CODE_SIGN_STYLE = Automatic;
				CURRENT_PROJECT_VERSION = 1;
				GENERATE_INFOPLIST_FILE = YES;
				INFOPLIST_FILE = "21-PrimeiroProjetoAcessibilidade/Info.plist";
				INFOPLIST_KEY_UIApplicationSupportsIndirectInputEvents = YES;
				INFOPLIST_KEY_UILaunchStoryboardName = LaunchScreen;
				INFOPLIST_KEY_UIMainStoryboardFile = "";
				INFOPLIST_KEY_UISupportedInterfaceOrientations_iPad = "UIInterfaceOrientationPortrait UIInterfaceOrientationPortraitUpsideDown UIInterfaceOrientationLandscapeLeft UIInterfaceOrientationLandscapeRight";
				INFOPLIST_KEY_UISupportedInterfaceOrientations_iPhone = "UIInterfaceOrientationPortrait UIInterfaceOrientationLandscapeLeft UIInterfaceOrientationLandscapeRight";
				LD_RUNPATH_SEARCH_PATHS = (
					"$(inherited)",
					"@executable_path/Frameworks",
				);
				MARKETING_VERSION = 1.0;
				PRODUCT_BUNDLE_IDENTIFIER = "oga.company.-1-PrimeiroProjetoAcessibilidade";
				PRODUCT_NAME = "$(TARGET_NAME)";
				SWIFT_EMIT_LOC_STRINGS = YES;
				SWIFT_VERSION = 5.0;
				TARGETED_DEVICE_FAMILY = "1,2";
			};
			name = Release;
		};
/* End XCBuildConfiguration section */

/* Begin XCConfigurationList section */
		ADA774482A1B885000D63393 /* Build configuration list for PBXProject "21-PrimeiroProjetoAcessibilidade" */ = {
			isa = XCConfigurationList;
			buildConfigurations = (
				ADA7745F2A1B885100D63393 /* Debug */,
				ADA774602A1B885100D63393 /* Release */,
			);
			defaultConfigurationIsVisible = 0;
			defaultConfigurationName = Release;
		};
		ADA774612A1B885100D63393 /* Build configuration list for PBXNativeTarget "21-PrimeiroProjetoAcessibilidade" */ = {
			isa = XCConfigurationList;
			buildConfigurations = (
				ADA774622A1B885100D63393 /* Debug */,
				ADA774632A1B885100D63393 /* Release */,
			);
			defaultConfigurationIsVisible = 0;
			defaultConfigurationName = Release;
		};
/* End XCConfigurationList section */
	};
	rootObject = ADA774452A1B885000D63393 /* Project object */;
}
