// !$*UTF8*$!
{
	archiveVersion = 1;
	classes = {
	};
	objectVersion = 56;
	objects = {

/* Begin PBXBuildFile section */
		AD125F5329EE8C2100BDCA6D /* AppDelegate.swift in Sources */ = {isa = PBXBuildFile; fileRef = AD125F5229EE8C2100BDCA6D /* AppDelegate.swift */; };
		AD125F5529EE8C2100BDCA6D /* SceneDelegate.swift in Sources */ = {isa = PBXBuildFile; fileRef = AD125F5429EE8C2100BDCA6D /* SceneDelegate.swift */; };
		AD125F5729EE8C2100BDCA6D /* Tela01VC.swift in Sources */ = {isa = PBXBuildFile; fileRef = AD125F5629EE8C2100BDCA6D /* Tela01VC.swift */; };
		AD125F5A29EE8C2100BDCA6D /* Main.storyboard in Resources */ = {isa = PBXBuildFile; fileRef = AD125F5829EE8C2100BDCA6D /* Main.storyboard */; };
		AD125F5C29EE8C2200BDCA6D /* Assets.xcassets in Resources */ = {isa = PBXBuildFile; fileRef = AD125F5B29EE8C2200BDCA6D /* Assets.xcassets */; };
		AD125F5F29EE8C2200BDCA6D /* LaunchScreen.storyboard in Resources */ = {isa = PBXBuildFile; fileRef = AD125F5D29EE8C2200BDCA6D /* LaunchScreen.storyboard */; };
		AD125F6729EE8D5500BDCA6D /* TabBarViewController.swift in Sources */ = {isa = PBXBuildFile; fileRef = AD125F6629EE8D5500BDCA6D /* TabBarViewController.swift */; };
		AD125F6929EE8F2400BDCA6D /* Tela02VC.swift in Sources */ = {isa = PBXBuildFile; fileRef = AD125F6829EE8F2400BDCA6D /* Tela02VC.swift */; };
		AD125F6B29EE8F3500BDCA6D /* Tela03VC.swift in Sources */ = {isa = PBXBuildFile; fileRef = AD125F6A29EE8F3500BDCA6D /* Tela03VC.swift */; };
		AD125F6F29EE957D00BDCA6D /* CustomTableViewCell.swift in Sources */ = {isa = PBXBuildFile; fileRef = AD125F6D29EE957D00BDCA6D /* CustomTableViewCell.swift */; };
		AD125F7029EE957D00BDCA6D /* CustomTableViewCell.xib in Resources */ = {isa = PBXBuildFile; fileRef = AD125F6E29EE957D00BDCA6D /* CustomTableViewCell.xib */; };
		AD165CCA29EFE07D005906AA /* Profile.swift in Sources */ = {isa = PBXBuildFile; fileRef = AD165CC929EFE07D005906AA /* Profile.swift */; };
		AD165CCD29EFE83E005906AA /* AlertController.swift in Sources */ = {isa = PBXBuildFile; fileRef = AD165CCC29EFE83E005906AA /* AlertController.swift */; };
/* End PBXBuildFile section */

/* Begin PBXFileReference section */
		AD125F4F29EE8C2100BDCA6D /* 16-DesafioTaBarCurso.app */ = {isa = PBXFileReference; explicitFileType = wrapper.application; includeInIndex = 0; path = "16-DesafioTaBarCurso.app"; sourceTree = BUILT_PRODUCTS_DIR; };
		AD125F5229EE8C2100BDCA6D /* AppDelegate.swift */ = {isa = PBXFileReference; lastKnownFileType = sourcecode.swift; path = AppDelegate.swift; sourceTree = "<group>"; };
		AD125F5429EE8C2100BDCA6D /* SceneDelegate.swift */ = {isa = PBXFileReference; lastKnownFileType = sourcecode.swift; path = SceneDelegate.swift; sourceTree = "<group>"; };
		AD125F5629EE8C2100BDCA6D /* Tela01VC.swift */ = {isa = PBXFileReference; lastKnownFileType = sourcecode.swift; path = Tela01VC.swift; sourceTree = "<group>"; };
		AD125F5929EE8C2100BDCA6D /* Base */ = {isa = PBXFileReference; lastKnownFileType = file.storyboard; name = Base; path = Base.lproj/Main.storyboard; sourceTree = "<group>"; };
		AD125F5B29EE8C2200BDCA6D /* Assets.xcassets */ = {isa = PBXFileReference; lastKnownFileType = folder.assetcatalog; path = Assets.xcassets; sourceTree = "<group>"; };
		AD125F5E29EE8C2200BDCA6D /* Base */ = {isa = PBXFileReference; lastKnownFileType = file.storyboard; name = Base; path = Base.lproj/LaunchScreen.storyboard; sourceTree = "<group>"; };
		AD125F6029EE8C2200BDCA6D /* Info.plist */ = {isa = PBXFileReference; lastKnownFileType = text.plist.xml; path = Info.plist; sourceTree = "<group>"; };
		AD125F6629EE8D5500BDCA6D /* TabBarViewController.swift */ = {isa = PBXFileReference; lastKnownFileType = sourcecode.swift; path = TabBarViewController.swift; sourceTree = "<group>"; };
		AD125F6829EE8F2400BDCA6D /* Tela02VC.swift */ = {isa = PBXFileReference; lastKnownFileType = sourcecode.swift; path = Tela02VC.swift; sourceTree = "<group>"; };
		AD125F6A29EE8F3500BDCA6D /* Tela03VC.swift */ = {isa = PBXFileReference; lastKnownFileType = sourcecode.swift; path = Tela03VC.swift; sourceTree = "<group>"; };
		AD125F6D29EE957D00BDCA6D /* CustomTableViewCell.swift */ = {isa = PBXFileReference; lastKnownFileType = sourcecode.swift; path = CustomTableViewCell.swift; sourceTree = "<group>"; };
		AD125F6E29EE957D00BDCA6D /* CustomTableViewCell.xib */ = {isa = PBXFileReference; lastKnownFileType = file.xib; path = CustomTableViewCell.xib; sourceTree = "<group>"; };
		AD165CC929EFE07D005906AA /* Profile.swift */ = {isa = PBXFileReference; lastKnownFileType = sourcecode.swift; path = Profile.swift; sourceTree = "<group>"; };
		AD165CCC29EFE83E005906AA /* AlertController.swift */ = {isa = PBXFileReference; lastKnownFileType = sourcecode.swift; path = AlertController.swift; sourceTree = "<group>"; };
/* End PBXFileReference section */

/* Begin PBXFrameworksBuildPhase section */
		AD125F4C29EE8C2100BDCA6D /* Frameworks */ = {
			isa = PBXFrameworksBuildPhase;
			buildActionMask = 2147483647;
			files = (
			);
			runOnlyForDeploymentPostprocessing = 0;
		};
/* End PBXFrameworksBuildPhase section */

/* Begin PBXGroup section */
		AD125F4629EE8C2100BDCA6D = {
			isa = PBXGroup;
			children = (
				AD125F5129EE8C2100BDCA6D /* 16-DesafioTaBarCurso */,
				AD125F5029EE8C2100BDCA6D /* Products */,
			);
			sourceTree = "<group>";
		};
		AD125F5029EE8C2100BDCA6D /* Products */ = {
			isa = PBXGroup;
			children = (
				AD125F4F29EE8C2100BDCA6D /* 16-DesafioTaBarCurso.app */,
			);
			name = Products;
			sourceTree = "<group>";
		};
		AD125F5129EE8C2100BDCA6D /* 16-DesafioTaBarCurso */ = {
			isa = PBXGroup;
			children = (
				AD165CCB29EFE814005906AA /* AlertController */,
				AD165CC829EFE05F005906AA /* Model */,
				AD125F6C29EE956200BDCA6D /* Cell */,
				AD125F5229EE8C2100BDCA6D /* AppDelegate.swift */,
				AD125F5429EE8C2100BDCA6D /* SceneDelegate.swift */,
				AD125F5829EE8C2100BDCA6D /* Main.storyboard */,
				AD125F5B29EE8C2200BDCA6D /* Assets.xcassets */,
				AD125F5D29EE8C2200BDCA6D /* LaunchScreen.storyboard */,
				AD125F6629EE8D5500BDCA6D /* TabBarViewController.swift */,
				AD125F5629EE8C2100BDCA6D /* Tela01VC.swift */,
				AD125F6829EE8F2400BDCA6D /* Tela02VC.swift */,
				AD125F6A29EE8F3500BDCA6D /* Tela03VC.swift */,
				AD125F6029EE8C2200BDCA6D /* Info.plist */,
			);
			path = "16-DesafioTaBarCurso";
			sourceTree = "<group>";
		};
		AD125F6C29EE956200BDCA6D /* Cell */ = {
			isa = PBXGroup;
			children = (
				AD125F6D29EE957D00BDCA6D /* CustomTableViewCell.swift */,
				AD125F6E29EE957D00BDCA6D /* CustomTableViewCell.xib */,
			);
			path = Cell;
			sourceTree = "<group>";
		};
		AD165CC829EFE05F005906AA /* Model */ = {
			isa = PBXGroup;
			children = (
				AD165CC929EFE07D005906AA /* Profile.swift */,
			);
			path = Model;
			sourceTree = "<group>";
		};
		AD165CCB29EFE814005906AA /* AlertController */ = {
			isa = PBXGroup;
			children = (
				AD165CCC29EFE83E005906AA /* AlertController.swift */,
			);
			path = AlertController;
			sourceTree = "<group>";
		};
/* End PBXGroup section */

/* Begin PBXNativeTarget section */
		AD125F4E29EE8C2100BDCA6D /* 16-DesafioTaBarCurso */ = {
			isa = PBXNativeTarget;
			buildConfigurationList = AD125F6329EE8C2200BDCA6D /* Build configuration list for PBXNativeTarget "16-DesafioTaBarCurso" */;
			buildPhases = (
				AD125F4B29EE8C2100BDCA6D /* Sources */,
				AD125F4C29EE8C2100BDCA6D /* Frameworks */,
				AD125F4D29EE8C2100BDCA6D /* Resources */,
			);
			buildRules = (
			);
			dependencies = (
			);
			name = "16-DesafioTaBarCurso";
			productName = "16-DesafioTaBarCurso";
			productReference = AD125F4F29EE8C2100BDCA6D /* 16-DesafioTaBarCurso.app */;
			productType = "com.apple.product-type.application";
		};
/* End PBXNativeTarget section */

/* Begin PBXProject section */
		AD125F4729EE8C2100BDCA6D /* Project object */ = {
			isa = PBXProject;
			attributes = {
				BuildIndependentTargetsInParallel = 1;
				LastSwiftUpdateCheck = 1430;
				LastUpgradeCheck = 1430;
				TargetAttributes = {
					AD125F4E29EE8C2100BDCA6D = {
						CreatedOnToolsVersion = 14.3;
					};
				};
			};
			buildConfigurationList = AD125F4A29EE8C2100BDCA6D /* Build configuration list for PBXProject "16-DesafioTaBarCurso" */;
			compatibilityVersion = "Xcode 14.0";
			developmentRegion = en;
			hasScannedForEncodings = 0;
			knownRegions = (
				en,
				Base,
			);
			mainGroup = AD125F4629EE8C2100BDCA6D;
			productRefGroup = AD125F5029EE8C2100BDCA6D /* Products */;
			projectDirPath = "";
			projectRoot = "";
			targets = (
				AD125F4E29EE8C2100BDCA6D /* 16-DesafioTaBarCurso */,
			);
		};
/* End PBXProject section */

/* Begin PBXResourcesBuildPhase section */
		AD125F4D29EE8C2100BDCA6D /* Resources */ = {
			isa = PBXResourcesBuildPhase;
			buildActionMask = 2147483647;
			files = (
				AD125F5F29EE8C2200BDCA6D /* LaunchScreen.storyboard in Resources */,
				AD125F5C29EE8C2200BDCA6D /* Assets.xcassets in Resources */,
				AD125F7029EE957D00BDCA6D /* CustomTableViewCell.xib in Resources */,
				AD125F5A29EE8C2100BDCA6D /* Main.storyboard in Resources */,
			);
			runOnlyForDeploymentPostprocessing = 0;
		};
/* End PBXResourcesBuildPhase section */

/* Begin PBXSourcesBuildPhase section */
		AD125F4B29EE8C2100BDCA6D /* Sources */ = {
			isa = PBXSourcesBuildPhase;
			buildActionMask = 2147483647;
			files = (
				AD125F6729EE8D5500BDCA6D /* TabBarViewController.swift in Sources */,
				AD165CCD29EFE83E005906AA /* AlertController.swift in Sources */,
				AD165CCA29EFE07D005906AA /* Profile.swift in Sources */,
				AD125F5729EE8C2100BDCA6D /* Tela01VC.swift in Sources */,
				AD125F6929EE8F2400BDCA6D /* Tela02VC.swift in Sources */,
				AD125F6F29EE957D00BDCA6D /* CustomTableViewCell.swift in Sources */,
				AD125F6B29EE8F3500BDCA6D /* Tela03VC.swift in Sources */,
				AD125F5329EE8C2100BDCA6D /* AppDelegate.swift in Sources */,
				AD125F5529EE8C2100BDCA6D /* SceneDelegate.swift in Sources */,
			);
			runOnlyForDeploymentPostprocessing = 0;
		};
/* End PBXSourcesBuildPhase section */

/* Begin PBXVariantGroup section */
		AD125F5829EE8C2100BDCA6D /* Main.storyboard */ = {
			isa = PBXVariantGroup;
			children = (
				AD125F5929EE8C2100BDCA6D /* Base */,
			);
			name = Main.storyboard;
			sourceTree = "<group>";
		};
		AD125F5D29EE8C2200BDCA6D /* LaunchScreen.storyboard */ = {
			isa = PBXVariantGroup;
			children = (
				AD125F5E29EE8C2200BDCA6D /* Base */,
			);
			name = LaunchScreen.storyboard;
			sourceTree = "<group>";
		};
/* End PBXVariantGroup section */

/* Begin XCBuildConfiguration section */
		AD125F6129EE8C2200BDCA6D /* Debug */ = {
			isa = XCBuildConfiguration;
			buildSettings = {
				ALWAYS_SEARCH_USER_PATHS = NO;
				CLANG_ANALYZER_NONNULL = YES;
				CLANG_ANALYZER_NUMBER_OBJECT_CONVERSION = YES_AGGRESSIVE;
				CLANG_CXX_LANGUAGE_STANDARD = "gnu++20";
				CLANG_ENABLE_MODULES = YES;
				CLANG_ENABLE_OBJC_ARC = YES;
				CLANG_ENABLE_OBJC_WEAK = YES;
				CLANG_WARN_BLOCK_CAPTURE_AUTORELEASING = YES;
				CLANG_WARN_BOOL_CONVERSION = YES;
				CLANG_WARN_COMMA = YES;
				CLANG_WARN_CONSTANT_CONVERSION = YES;
				CLANG_WARN_DEPRECATED_OBJC_IMPLEMENTATIONS = YES;
				CLANG_WARN_DIRECT_OBJC_ISA_USAGE = YES_ERROR;
				CLANG_WARN_DOCUMENTATION_COMMENTS = YES;
				CLANG_WARN_EMPTY_BODY = YES;
				CLANG_WARN_ENUM_CONVERSION = YES;
				CLANG_WARN_INFINITE_RECURSION = YES;
				CLANG_WARN_INT_CONVERSION = YES;
				CLANG_WARN_NON_LITERAL_NULL_CONVERSION = YES;
				CLANG_WARN_OBJC_IMPLICIT_RETAIN_SELF = YES;
				CLANG_WARN_OBJC_LITERAL_CONVERSION = YES;
				CLANG_WARN_OBJC_ROOT_CLASS = YES_ERROR;
				CLANG_WARN_QUOTED_INCLUDE_IN_FRAMEWORK_HEADER = YES;
				CLANG_WARN_RANGE_LOOP_ANALYSIS = YES;
				CLANG_WARN_STRICT_PROTOTYPES = YES;
				CLANG_WARN_SUSPICIOUS_MOVE = YES;
				CLANG_WARN_UNGUARDED_AVAILABILITY = YES_AGGRESSIVE;
				CLANG_WARN_UNREACHABLE_CODE = YES;
				CLANG_WARN__DUPLICATE_METHOD_MATCH = YES;
				COPY_PHASE_STRIP = NO;
				DEBUG_INFORMATION_FORMAT = dwarf;
				ENABLE_STRICT_OBJC_MSGSEND = YES;
				ENABLE_TESTABILITY = YES;
				GCC_C_LANGUAGE_STANDARD = gnu11;
				GCC_DYNAMIC_NO_PIC = NO;
				GCC_NO_COMMON_BLOCKS = YES;
				GCC_OPTIMIZATION_LEVEL = 0;
				GCC_PREPROCESSOR_DEFINITIONS = (
					"DEBUG=1",
					"$(inherited)",
				);
				GCC_WARN_64_TO_32_BIT_CONVERSION = YES;
				GCC_WARN_ABOUT_RETURN_TYPE = YES_ERROR;
				GCC_WARN_UNDECLARED_SELECTOR = YES;
				GCC_WARN_UNINITIALIZED_AUTOS = YES_AGGRESSIVE;
				GCC_WARN_UNUSED_FUNCTION = YES;
				GCC_WARN_UNUSED_VARIABLE = YES;
				IPHONEOS_DEPLOYMENT_TARGET = 16.4;
				MTL_ENABLE_DEBUG_INFO = INCLUDE_SOURCE;
				MTL_FAST_MATH = YES;
				ONLY_ACTIVE_ARCH = YES;
				SDKROOT = iphoneos;
				SWIFT_ACTIVE_COMPILATION_CONDITIONS = DEBUG;
				SWIFT_OPTIMIZATION_LEVEL = "-Onone";
			};
			name = Debug;
		};
		AD125F6229EE8C2200BDCA6D /* Release */ = {
			isa = XCBuildConfiguration;
			buildSettings = {
				ALWAYS_SEARCH_USER_PATHS = NO;
				CLANG_ANALYZER_NONNULL = YES;
				CLANG_ANALYZER_NUMBER_OBJECT_CONVERSION = YES_AGGRESSIVE;
				CLANG_CXX_LANGUAGE_STANDARD = "gnu++20";
				CLANG_ENABLE_MODULES = YES;
				CLANG_ENABLE_OBJC_ARC = YES;
				CLANG_ENABLE_OBJC_WEAK = YES;
				CLANG_WARN_BLOCK_CAPTURE_AUTORELEASING = YES;
				CLANG_WARN_BOOL_CONVERSION = YES;
				CLANG_WARN_COMMA = YES;
				CLANG_WARN_CONSTANT_CONVERSION = YES;
				CLANG_WARN_DEPRECATED_OBJC_IMPLEMENTATIONS = YES;
				CLANG_WARN_DIRECT_OBJC_ISA_USAGE = YES_ERROR;
				CLANG_WARN_DOCUMENTATION_COMMENTS = YES;
				CLANG_WARN_EMPTY_BODY = YES;
				CLANG_WARN_ENUM_CONVERSION = YES;
				CLANG_WARN_INFINITE_RECURSION = YES;
				CLANG_WARN_INT_CONVERSION = YES;
				CLANG_WARN_NON_LITERAL_NULL_CONVERSION = YES;
				CLANG_WARN_OBJC_IMPLICIT_RETAIN_SELF = YES;
				CLANG_WARN_OBJC_LITERAL_CONVERSION = YES;
				CLANG_WARN_OBJC_ROOT_CLASS = YES_ERROR;
				CLANG_WARN_QUOTED_INCLUDE_IN_FRAMEWORK_HEADER = YES;
				CLANG_WARN_RANGE_LOOP_ANALYSIS = YES;
				CLANG_WARN_STRICT_PROTOTYPES = YES;
				CLANG_WARN_SUSPICIOUS_MOVE = YES;
				CLANG_WARN_UNGUARDED_AVAILABILITY = YES_AGGRESSIVE;
				CLANG_WARN_UNREACHABLE_CODE = YES;
				CLANG_WARN__DUPLICATE_METHOD_MATCH = YES;
				COPY_PHASE_STRIP = NO;
				DEBUG_INFORMATION_FORMAT = "dwarf-with-dsym";
				ENABLE_NS_ASSERTIONS = NO;
				ENABLE_STRICT_OBJC_MSGSEND = YES;
				GCC_C_LANGUAGE_STANDARD = gnu11;
				GCC_NO_COMMON_BLOCKS = YES;
				GCC_WARN_64_TO_32_BIT_CONVERSION = YES;
				GCC_WARN_ABOUT_RETURN_TYPE = YES_ERROR;
				GCC_WARN_UNDECLARED_SELECTOR = YES;
				GCC_WARN_UNINITIALIZED_AUTOS = YES_AGGRESSIVE;
				GCC_WARN_UNUSED_FUNCTION = YES;
				GCC_WARN_UNUSED_VARIABLE = YES;
				IPHONEOS_DEPLOYMENT_TARGET = 16.4;
				MTL_ENABLE_DEBUG_INFO = NO;
				MTL_FAST_MATH = YES;
				SDKROOT = iphoneos;
				SWIFT_COMPILATION_MODE = wholemodule;
				SWIFT_OPTIMIZATION_LEVEL = "-O";
				VALIDATE_PRODUCT = YES;
			};
			name = Release;
		};
		AD125F6429EE8C2200BDCA6D /* Debug */ = {
			isa = XCBuildConfiguration;
			buildSettings = {
				ASSETCATALOG_COMPILER_APPICON_NAME = AppIcon;
				ASSETCATALOG_COMPILER_GLOBAL_ACCENT_COLOR_NAME = AccentColor;
				CODE_SIGN_STYLE = Automatic;
				CURRENT_PROJECT_VERSION = 1;
				GENERATE_INFOPLIST_FILE = YES;
				INFOPLIST_FILE = "16-DesafioTaBarCurso/Info.plist";
				INFOPLIST_KEY_UIApplicationSupportsIndirectInputEvents = YES;
				INFOPLIST_KEY_UILaunchStoryboardName = LaunchScreen;
				INFOPLIST_KEY_UIMainStoryboardFile = Main;
				INFOPLIST_KEY_UISupportedInterfaceOrientations_iPad = "UIInterfaceOrientationPortrait UIInterfaceOrientationPortraitUpsideDown UIInterfaceOrientationLandscapeLeft UIInterfaceOrientationLandscapeRight";
				INFOPLIST_KEY_UISupportedInterfaceOrientations_iPhone = "UIInterfaceOrientationPortrait UIInterfaceOrientationLandscapeLeft UIInterfaceOrientationLandscapeRight";
				LD_RUNPATH_SEARCH_PATHS = (
					"$(inherited)",
					"@executable_path/Frameworks",
				);
				MARKETING_VERSION = 1.0;
				PRODUCT_BUNDLE_IDENTIFIER = "oga.company.-6-DesafioTaBarCurso";
				PRODUCT_NAME = "$(TARGET_NAME)";
				SWIFT_EMIT_LOC_STRINGS = YES;
				SWIFT_VERSION = 5.0;
				TARGETED_DEVICE_FAMILY = "1,2";
			};
			name = Debug;
		};
		AD125F6529EE8C2200BDCA6D /* Release */ = {
			isa = XCBuildConfiguration;
			buildSettings = {
				ASSETCATALOG_COMPILER_APPICON_NAME = AppIcon;
				ASSETCATALOG_COMPILER_GLOBAL_ACCENT_COLOR_NAME = AccentColor;
				CODE_SIGN_STYLE = Automatic;
				CURRENT_PROJECT_VERSION = 1;
				GENERATE_INFOPLIST_FILE = YES;
				INFOPLIST_FILE = "16-DesafioTaBarCurso/Info.plist";
				INFOPLIST_KEY_UIApplicationSupportsIndirectInputEvents = YES;
				INFOPLIST_KEY_UILaunchStoryboardName = LaunchScreen;
				INFOPLIST_KEY_UIMainStoryboardFile = Main;
				INFOPLIST_KEY_UISupportedInterfaceOrientations_iPad = "UIInterfaceOrientationPortrait UIInterfaceOrientationPortraitUpsideDown UIInterfaceOrientationLandscapeLeft UIInterfaceOrientationLandscapeRight";
				INFOPLIST_KEY_UISupportedInterfaceOrientations_iPhone = "UIInterfaceOrientationPortrait UIInterfaceOrientationLandscapeLeft UIInterfaceOrientationLandscapeRight";
				LD_RUNPATH_SEARCH_PATHS = (
					"$(inherited)",
					"@executable_path/Frameworks",
				);
				MARKETING_VERSION = 1.0;
				PRODUCT_BUNDLE_IDENTIFIER = "oga.company.-6-DesafioTaBarCurso";
				PRODUCT_NAME = "$(TARGET_NAME)";
				SWIFT_EMIT_LOC_STRINGS = YES;
				SWIFT_VERSION = 5.0;
				TARGETED_DEVICE_FAMILY = "1,2";
			};
			name = Release;
		};
/* End XCBuildConfiguration section */

/* Begin XCConfigurationList section */
		AD125F4A29EE8C2100BDCA6D /* Build configuration list for PBXProject "16-DesafioTaBarCurso" */ = {
			isa = XCConfigurationList;
			buildConfigurations = (
				AD125F6129EE8C2200BDCA6D /* Debug */,
				AD125F6229EE8C2200BDCA6D /* Release */,
			);
			defaultConfigurationIsVisible = 0;
			defaultConfigurationName = Release;
		};
		AD125F6329EE8C2200BDCA6D /* Build configuration list for PBXNativeTarget "16-DesafioTaBarCurso" */ = {
			isa = XCConfigurationList;
			buildConfigurations = (
				AD125F6429EE8C2200BDCA6D /* Debug */,
				AD125F6529EE8C2200BDCA6D /* Release */,
			);
			defaultConfigurationIsVisible = 0;
			defaultConfigurationName = Release;
		};
/* End XCConfigurationList section */
	};
	rootObject = AD125F4729EE8C2100BDCA6D /* Project object */;
}
