// !$*UTF8*$!
{
	archiveVersion = 1;
	classes = {
	};
	objectVersion = 56;
	objects = {

/* Begin PBXBuildFile section */
		ADF2575629D1022100846848 /* AppDelegate.swift in Sources */ = {isa = PBXBuildFile; fileRef = ADF2575529D1022100846848 /* AppDelegate.swift */; };
		ADF2575829D1022100846848 /* SceneDelegate.swift in Sources */ = {isa = PBXBuildFile; fileRef = ADF2575729D1022100846848 /* SceneDelegate.swift */; };
		ADF2575A29D1022100846848 /* ViewController.swift in Sources */ = {isa = PBXBuildFile; fileRef = ADF2575929D1022100846848 /* ViewController.swift */; };
		ADF2575D29D1022100846848 /* Main.storyboard in Resources */ = {isa = PBXBuildFile; fileRef = ADF2575B29D1022100846848 /* Main.storyboard */; };
		ADF2575F29D1022100846848 /* Assets.xcassets in Resources */ = {isa = PBXBuildFile; fileRef = ADF2575E29D1022100846848 /* Assets.xcassets */; };
		ADF2576229D1022100846848 /* LaunchScreen.storyboard in Resources */ = {isa = PBXBuildFile; fileRef = ADF2576029D1022100846848 /* LaunchScreen.storyboard */; };
		ADF2576A29D1023900846848 /* Tela02VC.storyboard in Resources */ = {isa = PBXBuildFile; fileRef = ADF2576929D1023900846848 /* Tela02VC.storyboard */; };
		ADF2576C29D1026D00846848 /* Tela02VC.swift in Sources */ = {isa = PBXBuildFile; fileRef = ADF2576B29D1026D00846848 /* Tela02VC.swift */; };
/* End PBXBuildFile section */

/* Begin PBXFileReference section */
		ADF2575229D1022100846848 /* 10-NavigationAvancadaCurso.app */ = {isa = PBXFileReference; explicitFileType = wrapper.application; includeInIndex = 0; path = "10-NavigationAvancadaCurso.app"; sourceTree = BUILT_PRODUCTS_DIR; };
		ADF2575529D1022100846848 /* AppDelegate.swift */ = {isa = PBXFileReference; lastKnownFileType = sourcecode.swift; path = AppDelegate.swift; sourceTree = "<group>"; };
		ADF2575729D1022100846848 /* SceneDelegate.swift */ = {isa = PBXFileReference; lastKnownFileType = sourcecode.swift; path = SceneDelegate.swift; sourceTree = "<group>"; };
		ADF2575929D1022100846848 /* ViewController.swift */ = {isa = PBXFileReference; lastKnownFileType = sourcecode.swift; path = ViewController.swift; sourceTree = "<group>"; };
		ADF2575C29D1022100846848 /* Base */ = {isa = PBXFileReference; lastKnownFileType = file.storyboard; name = Base; path = Base.lproj/Main.storyboard; sourceTree = "<group>"; };
		ADF2575E29D1022100846848 /* Assets.xcassets */ = {isa = PBXFileReference; lastKnownFileType = folder.assetcatalog; path = Assets.xcassets; sourceTree = "<group>"; };
		ADF2576129D1022100846848 /* Base */ = {isa = PBXFileReference; lastKnownFileType = file.storyboard; name = Base; path = Base.lproj/LaunchScreen.storyboard; sourceTree = "<group>"; };
		ADF2576329D1022100846848 /* Info.plist */ = {isa = PBXFileReference; lastKnownFileType = text.plist.xml; path = Info.plist; sourceTree = "<group>"; };
		ADF2576929D1023900846848 /* Tela02VC.storyboard */ = {isa = PBXFileReference; lastKnownFileType = file.storyboard; path = Tela02VC.storyboard; sourceTree = "<group>"; };
		ADF2576B29D1026D00846848 /* Tela02VC.swift */ = {isa = PBXFileReference; lastKnownFileType = sourcecode.swift; path = Tela02VC.swift; sourceTree = "<group>"; };
/* End PBXFileReference section */

/* Begin PBXFrameworksBuildPhase section */
		ADF2574F29D1022100846848 /* Frameworks */ = {
			isa = PBXFrameworksBuildPhase;
			buildActionMask = 2147483647;
			files = (
			);
			runOnlyForDeploymentPostprocessing = 0;
		};
/* End PBXFrameworksBuildPhase section */

/* Begin PBXGroup section */
		ADF2574929D1022100846848 = {
			isa = PBXGroup;
			children = (
				ADF2575429D1022100846848 /* 10-NavigationAvancadaCurso */,
				ADF2575329D1022100846848 /* Products */,
			);
			sourceTree = "<group>";
		};
		ADF2575329D1022100846848 /* Products */ = {
			isa = PBXGroup;
			children = (
				ADF2575229D1022100846848 /* 10-NavigationAvancadaCurso.app */,
			);
			name = Products;
			sourceTree = "<group>";
		};
		ADF2575429D1022100846848 /* 10-NavigationAvancadaCurso */ = {
			isa = PBXGroup;
			children = (
				ADF2575529D1022100846848 /* AppDelegate.swift */,
				ADF2575729D1022100846848 /* SceneDelegate.swift */,
				ADF2575929D1022100846848 /* ViewController.swift */,
				ADF2575B29D1022100846848 /* Main.storyboard */,
				ADF2575E29D1022100846848 /* Assets.xcassets */,
				ADF2576029D1022100846848 /* LaunchScreen.storyboard */,
				ADF2576329D1022100846848 /* Info.plist */,
				ADF2576929D1023900846848 /* Tela02VC.storyboard */,
				ADF2576B29D1026D00846848 /* Tela02VC.swift */,
			);
			path = "10-NavigationAvancadaCurso";
			sourceTree = "<group>";
		};
/* End PBXGroup section */

/* Begin PBXNativeTarget section */
		ADF2575129D1022100846848 /* 10-NavigationAvancadaCurso */ = {
			isa = PBXNativeTarget;
			buildConfigurationList = ADF2576629D1022100846848 /* Build configuration list for PBXNativeTarget "10-NavigationAvancadaCurso" */;
			buildPhases = (
				ADF2574E29D1022100846848 /* Sources */,
				ADF2574F29D1022100846848 /* Frameworks */,
				ADF2575029D1022100846848 /* Resources */,
			);
			buildRules = (
			);
			dependencies = (
			);
			name = "10-NavigationAvancadaCurso";
			productName = "10-NavigationAvancadaCurso";
			productReference = ADF2575229D1022100846848 /* 10-NavigationAvancadaCurso.app */;
			productType = "com.apple.product-type.application";
		};
/* End PBXNativeTarget section */

/* Begin PBXProject section */
		ADF2574A29D1022100846848 /* Project object */ = {
			isa = PBXProject;
			attributes = {
				BuildIndependentTargetsInParallel = 1;
				LastSwiftUpdateCheck = 1420;
				LastUpgradeCheck = 1420;
				TargetAttributes = {
					ADF2575129D1022100846848 = {
						CreatedOnToolsVersion = 14.2;
					};
				};
			};
			buildConfigurationList = ADF2574D29D1022100846848 /* Build configuration list for PBXProject "10-NavigationAvancadaCurso" */;
			compatibilityVersion = "Xcode 14.0";
			developmentRegion = en;
			hasScannedForEncodings = 0;
			knownRegions = (
				en,
				Base,
			);
			mainGroup = ADF2574929D1022100846848;
			productRefGroup = ADF2575329D1022100846848 /* Products */;
			projectDirPath = "";
			projectRoot = "";
			targets = (
				ADF2575129D1022100846848 /* 10-NavigationAvancadaCurso */,
			);
		};
/* End PBXProject section */

/* Begin PBXResourcesBuildPhase section */
		ADF2575029D1022100846848 /* Resources */ = {
			isa = PBXResourcesBuildPhase;
			buildActionMask = 2147483647;
			files = (
				ADF2576229D1022100846848 /* LaunchScreen.storyboard in Resources */,
				ADF2575F29D1022100846848 /* Assets.xcassets in Resources */,
				ADF2575D29D1022100846848 /* Main.storyboard in Resources */,
				ADF2576A29D1023900846848 /* Tela02VC.storyboard in Resources */,
			);
			runOnlyForDeploymentPostprocessing = 0;
		};
/* End PBXResourcesBuildPhase section */

/* Begin PBXSourcesBuildPhase section */
		ADF2574E29D1022100846848 /* Sources */ = {
			isa = PBXSourcesBuildPhase;
			buildActionMask = 2147483647;
			files = (
				ADF2575A29D1022100846848 /* ViewController.swift in Sources */,
				ADF2575629D1022100846848 /* AppDelegate.swift in Sources */,
				ADF2576C29D1026D00846848 /* Tela02VC.swift in Sources */,
				ADF2575829D1022100846848 /* SceneDelegate.swift in Sources */,
			);
			runOnlyForDeploymentPostprocessing = 0;
		};
/* End PBXSourcesBuildPhase section */

/* Begin PBXVariantGroup section */
		ADF2575B29D1022100846848 /* Main.storyboard */ = {
			isa = PBXVariantGroup;
			children = (
				ADF2575C29D1022100846848 /* Base */,
			);
			name = Main.storyboard;
			sourceTree = "<group>";
		};
		ADF2576029D1022100846848 /* LaunchScreen.storyboard */ = {
			isa = PBXVariantGroup;
			children = (
				ADF2576129D1022100846848 /* Base */,
			);
			name = LaunchScreen.storyboard;
			sourceTree = "<group>";
		};
/* End PBXVariantGroup section */

/* Begin XCBuildConfiguration section */
		ADF2576429D1022100846848 /* Debug */ = {
			isa = XCBuildConfiguration;
			buildSettings = {
				ALWAYS_SEARCH_USER_PATHS = NO;
				CLANG_ANALYZER_NONNULL = YES;
				CLANG_ANALYZER_NUMBER_OBJECT_CONVERSION = YES_AGGRESSIVE;
				CLANG_CXX_LANGUAGE_STANDARD = "gnu++20";
				CLANG_ENABLE_MODULES = YES;
				CLANG_ENABLE_OBJC_ARC = YES;
				CLANG_ENABLE_OBJC_WEAK = YES;
				CLANG_WARN_BLOCK_CAPTURE_AUTORELEASING = YES;
				CLANG_WARN_BOOL_CONVERSION = YES;
				CLANG_WARN_COMMA = YES;
				CLANG_WARN_CONSTANT_CONVERSION = YES;
				CLANG_WARN_DEPRECATED_OBJC_IMPLEMENTATIONS = YES;
				CLANG_WARN_DIRECT_OBJC_ISA_USAGE = YES_ERROR;
				CLANG_WARN_DOCUMENTATION_COMMENTS = YES;
				CLANG_WARN_EMPTY_BODY = YES;
				CLANG_WARN_ENUM_CONVERSION = YES;
				CLANG_WARN_INFINITE_RECURSION = YES;
				CLANG_WARN_INT_CONVERSION = YES;
				CLANG_WARN_NON_LITERAL_NULL_CONVERSION = YES;
				CLANG_WARN_OBJC_IMPLICIT_RETAIN_SELF = YES;
				CLANG_WARN_OBJC_LITERAL_CONVERSION = YES;
				CLANG_WARN_OBJC_ROOT_CLASS = YES_ERROR;
				CLANG_WARN_QUOTED_INCLUDE_IN_FRAMEWORK_HEADER = YES;
				CLANG_WARN_RANGE_LOOP_ANALYSIS = YES;
				CLANG_WARN_STRICT_PROTOTYPES = YES;
				CLANG_WARN_SUSPICIOUS_MOVE = YES;
				CLANG_WARN_UNGUARDED_AVAILABILITY = YES_AGGRESSIVE;
				CLANG_WARN_UNREACHABLE_CODE = YES;
				CLANG_WARN__DUPLICATE_METHOD_MATCH = YES;
				COPY_PHASE_STRIP = NO;
				DEBUG_INFORMATION_FORMAT = dwarf;
				ENABLE_STRICT_OBJC_MSGSEND = YES;
				ENABLE_TESTABILITY = YES;
				GCC_C_LANGUAGE_STANDARD = gnu11;
				GCC_DYNAMIC_NO_PIC = NO;
				GCC_NO_COMMON_BLOCKS = YES;
				GCC_OPTIMIZATION_LEVEL = 0;
				GCC_PREPROCESSOR_DEFINITIONS = (
					"DEBUG=1",
					"$(inherited)",
				);
				GCC_WARN_64_TO_32_BIT_CONVERSION = YES;
				GCC_WARN_ABOUT_RETURN_TYPE = YES_ERROR;
				GCC_WARN_UNDECLARED_SELECTOR = YES;
				GCC_WARN_UNINITIALIZED_AUTOS = YES_AGGRESSIVE;
				GCC_WARN_UNUSED_FUNCTION = YES;
				GCC_WARN_UNUSED_VARIABLE = YES;
				IPHONEOS_DEPLOYMENT_TARGET = 16.2;
				MTL_ENABLE_DEBUG_INFO = INCLUDE_SOURCE;
				MTL_FAST_MATH = YES;
				ONLY_ACTIVE_ARCH = YES;
				SDKROOT = iphoneos;
				SWIFT_ACTIVE_COMPILATION_CONDITIONS = DEBUG;
				SWIFT_OPTIMIZATION_LEVEL = "-Onone";
			};
			name = Debug;
		};
		ADF2576529D1022100846848 /* Release */ = {
			isa = XCBuildConfiguration;
			buildSettings = {
				ALWAYS_SEARCH_USER_PATHS = NO;
				CLANG_ANALYZER_NONNULL = YES;
				CLANG_ANALYZER_NUMBER_OBJECT_CONVERSION = YES_AGGRESSIVE;
				CLANG_CXX_LANGUAGE_STANDARD = "gnu++20";
				CLANG_ENABLE_MODULES = YES;
				CLANG_ENABLE_OBJC_ARC = YES;
				CLANG_ENABLE_OBJC_WEAK = YES;
				CLANG_WARN_BLOCK_CAPTURE_AUTORELEASING = YES;
				CLANG_WARN_BOOL_CONVERSION = YES;
				CLANG_WARN_COMMA = YES;
				CLANG_WARN_CONSTANT_CONVERSION = YES;
				CLANG_WARN_DEPRECATED_OBJC_IMPLEMENTATIONS = YES;
				CLANG_WARN_DIRECT_OBJC_ISA_USAGE = YES_ERROR;
				CLANG_WARN_DOCUMENTATION_COMMENTS = YES;
				CLANG_WARN_EMPTY_BODY = YES;
				CLANG_WARN_ENUM_CONVERSION = YES;
				CLANG_WARN_INFINITE_RECURSION = YES;
				CLANG_WARN_INT_CONVERSION = YES;
				CLANG_WARN_NON_LITERAL_NULL_CONVERSION = YES;
				CLANG_WARN_OBJC_IMPLICIT_RETAIN_SELF = YES;
				CLANG_WARN_OBJC_LITERAL_CONVERSION = YES;
				CLANG_WARN_OBJC_ROOT_CLASS = YES_ERROR;
				CLANG_WARN_QUOTED_INCLUDE_IN_FRAMEWORK_HEADER = YES;
				CLANG_WARN_RANGE_LOOP_ANALYSIS = YES;
				CLANG_WARN_STRICT_PROTOTYPES = YES;
				CLANG_WARN_SUSPICIOUS_MOVE = YES;
				CLANG_WARN_UNGUARDED_AVAILABILITY = YES_AGGRESSIVE;
				CLANG_WARN_UNREACHABLE_CODE = YES;
				CLANG_WARN__DUPLICATE_METHOD_MATCH = YES;
				COPY_PHASE_STRIP = NO;
				DEBUG_INFORMATION_FORMAT = "dwarf-with-dsym";
				ENABLE_NS_ASSERTIONS = NO;
				ENABLE_STRICT_OBJC_MSGSEND = YES;
				GCC_C_LANGUAGE_STANDARD = gnu11;
				GCC_NO_COMMON_BLOCKS = YES;
				GCC_WARN_64_TO_32_BIT_CONVERSION = YES;
				GCC_WARN_ABOUT_RETURN_TYPE = YES_ERROR;
				GCC_WARN_UNDECLARED_SELECTOR = YES;
				GCC_WARN_UNINITIALIZED_AUTOS = YES_AGGRESSIVE;
				GCC_WARN_UNUSED_FUNCTION = YES;
				GCC_WARN_UNUSED_VARIABLE = YES;
				IPHONEOS_DEPLOYMENT_TARGET = 16.2;
				MTL_ENABLE_DEBUG_INFO = NO;
				MTL_FAST_MATH = YES;
				SDKROOT = iphoneos;
				SWIFT_COMPILATION_MODE = wholemodule;
				SWIFT_OPTIMIZATION_LEVEL = "-O";
				VALIDATE_PRODUCT = YES;
			};
			name = Release;
		};
		ADF2576729D1022100846848 /* Debug */ = {
			isa = XCBuildConfiguration;
			buildSettings = {
				ASSETCATALOG_COMPILER_APPICON_NAME = AppIcon;
				ASSETCATALOG_COMPILER_GLOBAL_ACCENT_COLOR_NAME = AccentColor;
				CODE_SIGN_STYLE = Automatic;
				CURRENT_PROJECT_VERSION = 1;
				GENERATE_INFOPLIST_FILE = YES;
				INFOPLIST_FILE = "10-NavigationAvancadaCurso/Info.plist";
				INFOPLIST_KEY_UIApplicationSupportsIndirectInputEvents = YES;
				INFOPLIST_KEY_UILaunchStoryboardName = LaunchScreen;
				INFOPLIST_KEY_UIMainStoryboardFile = Main;
				INFOPLIST_KEY_UISupportedInterfaceOrientations_iPad = "UIInterfaceOrientationPortrait UIInterfaceOrientationPortraitUpsideDown UIInterfaceOrientationLandscapeLeft UIInterfaceOrientationLandscapeRight";
				INFOPLIST_KEY_UISupportedInterfaceOrientations_iPhone = "UIInterfaceOrientationPortrait UIInterfaceOrientationLandscapeLeft UIInterfaceOrientationLandscapeRight";
				LD_RUNPATH_SEARCH_PATHS = (
					"$(inherited)",
					"@executable_path/Frameworks",
				);
				MARKETING_VERSION = 1.0;
				PRODUCT_BUNDLE_IDENTIFIER = "oga.company.-0-NavigationAvancadaCurso";
				PRODUCT_NAME = "$(TARGET_NAME)";
				SWIFT_EMIT_LOC_STRINGS = YES;
				SWIFT_VERSION = 5.0;
				TARGETED_DEVICE_FAMILY = "1,2";
			};
			name = Debug;
		};
		ADF2576829D1022100846848 /* Release */ = {
			isa = XCBuildConfiguration;
			buildSettings = {
				ASSETCATALOG_COMPILER_APPICON_NAME = AppIcon;
				ASSETCATALOG_COMPILER_GLOBAL_ACCENT_COLOR_NAME = AccentColor;
				CODE_SIGN_STYLE = Automatic;
				CURRENT_PROJECT_VERSION = 1;
				GENERATE_INFOPLIST_FILE = YES;
				INFOPLIST_FILE = "10-NavigationAvancadaCurso/Info.plist";
				INFOPLIST_KEY_UIApplicationSupportsIndirectInputEvents = YES;
				INFOPLIST_KEY_UILaunchStoryboardName = LaunchScreen;
				INFOPLIST_KEY_UIMainStoryboardFile = Main;
				INFOPLIST_KEY_UISupportedInterfaceOrientations_iPad = "UIInterfaceOrientationPortrait UIInterfaceOrientationPortraitUpsideDown UIInterfaceOrientationLandscapeLeft UIInterfaceOrientationLandscapeRight";
				INFOPLIST_KEY_UISupportedInterfaceOrientations_iPhone = "UIInterfaceOrientationPortrait UIInterfaceOrientationLandscapeLeft UIInterfaceOrientationLandscapeRight";
				LD_RUNPATH_SEARCH_PATHS = (
					"$(inherited)",
					"@executable_path/Frameworks",
				);
				MARKETING_VERSION = 1.0;
				PRODUCT_BUNDLE_IDENTIFIER = "oga.company.-0-NavigationAvancadaCurso";
				PRODUCT_NAME = "$(TARGET_NAME)";
				SWIFT_EMIT_LOC_STRINGS = YES;
				SWIFT_VERSION = 5.0;
				TARGETED_DEVICE_FAMILY = "1,2";
			};
			name = Release;
		};
/* End XCBuildConfiguration section */

/* Begin XCConfigurationList section */
		ADF2574D29D1022100846848 /* Build configuration list for PBXProject "10-NavigationAvancadaCurso" */ = {
			isa = XCConfigurationList;
			buildConfigurations = (
				ADF2576429D1022100846848 /* Debug */,
				ADF2576529D1022100846848 /* Release */,
			);
			defaultConfigurationIsVisible = 0;
			defaultConfigurationName = Release;
		};
		ADF2576629D1022100846848 /* Build configuration list for PBXNativeTarget "10-NavigationAvancadaCurso" */ = {
			isa = XCConfigurationList;
			buildConfigurations = (
				ADF2576729D1022100846848 /* Debug */,
				ADF2576829D1022100846848 /* Release */,
			);
			defaultConfigurationIsVisible = 0;
			defaultConfigurationName = Release;
		};
/* End XCConfigurationList section */
	};
	rootObject = ADF2574A29D1022100846848 /* Project object */;
}
