// !$*UTF8*$!
{
	archiveVersion = 1;
	classes = {
	};
	objectVersion = 56;
	objects = {

/* Begin PBXBuildFile section */
		AD0DEF892A08EB8600822A0B /* PostCollectionViewCell.swift in Sources */ = {isa = PBXBuildFile; fileRef = AD0DEF882A08EB8600822A0B /* PostCollectionViewCell.swift */; };
		AD0DEF8C2A08EBB000822A0B /* PostCollectionViewCellScreen.swift in Sources */ = {isa = PBXBuildFile; fileRef = AD0DEF8B2A08EBB000822A0B /* PostCollectionViewCellScreen.swift */; };
		AD72367E2A13CB8900B1B5DC /* Alert.swift in Sources */ = {isa = PBXBuildFile; fileRef = AD72367D2A13CB8900B1B5DC /* Alert.swift */; };
		ADD1BE9C2A13BF6100253F3C /* GoogleService-Info.plist in Resources */ = {isa = PBXBuildFile; fileRef = ADD1BE9B2A13BF6100253F3C /* GoogleService-Info.plist */; };
		ADD1BE9F2A13BFEA00253F3C /* FirebaseAuth in Frameworks */ = {isa = PBXBuildFile; productRef = ADD1BE9E2A13BFEA00253F3C /* FirebaseAuth */; };
		ADD1BEA12A13BFEA00253F3C /* FirebaseCrashlytics in Frameworks */ = {isa = PBXBuildFile; productRef = ADD1BEA02A13BFEA00253F3C /* FirebaseCrashlytics */; };
		ADD1BEB12A13C26700253F3C /* RegisterVC.swift in Sources */ = {isa = PBXBuildFile; fileRef = ADD1BEAE2A13C26700253F3C /* RegisterVC.swift */; };
		ADD1BEB22A13C26700253F3C /* RegisterScreen.swift in Sources */ = {isa = PBXBuildFile; fileRef = ADD1BEB02A13C26700253F3C /* RegisterScreen.swift */; };
		ADD1BEB52A13C56500253F3C /* RegisterViewModel.swift in Sources */ = {isa = PBXBuildFile; fileRef = ADD1BEB42A13C56500253F3C /* RegisterViewModel.swift */; };
		ADE19F222A0103A000E8852F /* AppDelegate.swift in Sources */ = {isa = PBXBuildFile; fileRef = ADE19F212A0103A000E8852F /* AppDelegate.swift */; };
		ADE19F242A0103A000E8852F /* SceneDelegate.swift in Sources */ = {isa = PBXBuildFile; fileRef = ADE19F232A0103A000E8852F /* SceneDelegate.swift */; };
		ADE19F262A0103A000E8852F /* HomeVC.swift in Sources */ = {isa = PBXBuildFile; fileRef = ADE19F252A0103A000E8852F /* HomeVC.swift */; };
		ADE19F2B2A0103A100E8852F /* Assets.xcassets in Resources */ = {isa = PBXBuildFile; fileRef = ADE19F2A2A0103A100E8852F /* Assets.xcassets */; };
		ADE19F2E2A0103A100E8852F /* LaunchScreen.storyboard in Resources */ = {isa = PBXBuildFile; fileRef = ADE19F2C2A0103A100E8852F /* LaunchScreen.storyboard */; };
		ADE19F372A01082500E8852F /* HomeScreen.swift in Sources */ = {isa = PBXBuildFile; fileRef = ADE19F362A01082500E8852F /* HomeScreen.swift */; };
		ADE19F3A2A0109FE00E8852F /* UIView + Extension.swift in Sources */ = {isa = PBXBuildFile; fileRef = ADE19F392A0109FE00E8852F /* UIView + Extension.swift */; };
		ADE19F3C2A010B3E00E8852F /* UIColor + Extension.swift in Sources */ = {isa = PBXBuildFile; fileRef = ADE19F3B2A010B3E00E8852F /* UIColor + Extension.swift */; };
		ADE19F3E2A010CD600E8852F /* HomeViewModel.swift in Sources */ = {isa = PBXBuildFile; fileRef = ADE19F3D2A010CD600E8852F /* HomeViewModel.swift */; };
		ADE19F422A010EA600E8852F /* StoryCardCollectionViewCell.swift in Sources */ = {isa = PBXBuildFile; fileRef = ADE19F412A010EA600E8852F /* StoryCardCollectionViewCell.swift */; };
		ADE19F452A010F1100E8852F /* StoryCardCollectionViewCellScreen.swift in Sources */ = {isa = PBXBuildFile; fileRef = ADE19F442A010F1100E8852F /* StoryCardCollectionViewCellScreen.swift */; };
		ADF35C532A04F95D000C4C28 /* PostCardCollectionViewCell.swift in Sources */ = {isa = PBXBuildFile; fileRef = ADF35C522A04F95D000C4C28 /* PostCardCollectionViewCell.swift */; };
		ADF35C562A04F9AF000C4C28 /* PostCardCollectionViewCellScreen.swift in Sources */ = {isa = PBXBuildFile; fileRef = ADF35C552A04F9AF000C4C28 /* PostCardCollectionViewCellScreen.swift */; };
		ADF35C582A04FBD5000C4C28 /* Posts.swift in Sources */ = {isa = PBXBuildFile; fileRef = ADF35C572A04FBD5000C4C28 /* Posts.swift */; };
		ADF35C5B2A04FDEB000C4C28 /* PostCardViewModel.swift in Sources */ = {isa = PBXBuildFile; fileRef = ADF35C5A2A04FDEB000C4C28 /* PostCardViewModel.swift */; };
		ADF955CF2A0259D400114C24 /* StoryCardViewModel.swift in Sources */ = {isa = PBXBuildFile; fileRef = ADF955CE2A0259D400114C24 /* StoryCardViewModel.swift */; };
		ADF955D32A025B7800114C24 /* Stories.swift in Sources */ = {isa = PBXBuildFile; fileRef = ADF955D22A025B7800114C24 /* Stories.swift */; };
		ADF955D82A025E7200114C24 /* StoryCollectionViewCell.swift in Sources */ = {isa = PBXBuildFile; fileRef = ADF955D72A025E7200114C24 /* StoryCollectionViewCell.swift */; };
		ADF955DB2A025F2600114C24 /* StoryCollectionViewCellScreen.swift in Sources */ = {isa = PBXBuildFile; fileRef = ADF955DA2A025F2600114C24 /* StoryCollectionViewCellScreen.swift */; };
		ADFF81F52A13FB5300BDEB06 /* LoginScreen.swift in Sources */ = {isa = PBXBuildFile; fileRef = AD95FE432A13F8BE00EE4B5C /* LoginScreen.swift */; };
		ADFF81F62A13FB5800BDEB06 /* LoginVC.swift in Sources */ = {isa = PBXBuildFile; fileRef = AD95FE412A13F8BE00EE4B5C /* LoginVC.swift */; };
		ADFF81F72A13FB5B00BDEB06 /* LoginViewModel.swift in Sources */ = {isa = PBXBuildFile; fileRef = AD95FE3F2A13F8BE00EE4B5C /* LoginViewModel.swift */; };
		ADFF81FB2A143D7000BDEB06 /* HomeData.json in Resources */ = {isa = PBXBuildFile; fileRef = ADFF81FA2A143D7000BDEB06 /* HomeData.json */; };
		ADFF81FE2A143E4300BDEB06 /* HomeService.swift in Sources */ = {isa = PBXBuildFile; fileRef = ADFF81FD2A143E4300BDEB06 /* HomeService.swift */; };
		ADFF82002A14410A00BDEB06 /* HomeData.swift in Sources */ = {isa = PBXBuildFile; fileRef = ADFF81FF2A14410A00BDEB06 /* HomeData.swift */; };
		FEBCD771656571E3784F59A8 /* Pods_20_PrimeiroAppMVVM.framework in Frameworks */ = {isa = PBXBuildFile; fileRef = DA3DD0A29560079EAC026E47 /* Pods_20_PrimeiroAppMVVM.framework */; };
/* End PBXBuildFile section */

/* Begin PBXFileReference section */
		4CFF13E16EDCDDB0A5340738 /* Pods-20-PrimeiroAppMVVM.debug.xcconfig */ = {isa = PBXFileReference; includeInIndex = 1; lastKnownFileType = text.xcconfig; name = "Pods-20-PrimeiroAppMVVM.debug.xcconfig"; path = "Target Support Files/Pods-20-PrimeiroAppMVVM/Pods-20-PrimeiroAppMVVM.debug.xcconfig"; sourceTree = "<group>"; };
		AD0DEF882A08EB8600822A0B /* PostCollectionViewCell.swift */ = {isa = PBXFileReference; lastKnownFileType = sourcecode.swift; path = PostCollectionViewCell.swift; sourceTree = "<group>"; };
		AD0DEF8B2A08EBB000822A0B /* PostCollectionViewCellScreen.swift */ = {isa = PBXFileReference; lastKnownFileType = sourcecode.swift; path = PostCollectionViewCellScreen.swift; sourceTree = "<group>"; };
		AD72367D2A13CB8900B1B5DC /* Alert.swift */ = {isa = PBXFileReference; lastKnownFileType = sourcecode.swift; path = Alert.swift; sourceTree = "<group>"; };
		AD95FE3F2A13F8BE00EE4B5C /* LoginViewModel.swift */ = {isa = PBXFileReference; lastKnownFileType = sourcecode.swift; path = LoginViewModel.swift; sourceTree = "<group>"; };
		AD95FE412A13F8BE00EE4B5C /* LoginVC.swift */ = {isa = PBXFileReference; lastKnownFileType = sourcecode.swift; path = LoginVC.swift; sourceTree = "<group>"; };
		AD95FE432A13F8BE00EE4B5C /* LoginScreen.swift */ = {isa = PBXFileReference; lastKnownFileType = sourcecode.swift; path = LoginScreen.swift; sourceTree = "<group>"; };
		ADD1BE9B2A13BF6100253F3C /* GoogleService-Info.plist */ = {isa = PBXFileReference; fileEncoding = 4; lastKnownFileType = text.plist.xml; path = "GoogleService-Info.plist"; sourceTree = "<group>"; };
		ADD1BEAE2A13C26700253F3C /* RegisterVC.swift */ = {isa = PBXFileReference; fileEncoding = 4; lastKnownFileType = sourcecode.swift; path = RegisterVC.swift; sourceTree = "<group>"; };
		ADD1BEB02A13C26700253F3C /* RegisterScreen.swift */ = {isa = PBXFileReference; fileEncoding = 4; lastKnownFileType = sourcecode.swift; path = RegisterScreen.swift; sourceTree = "<group>"; };
		ADD1BEB42A13C56500253F3C /* RegisterViewModel.swift */ = {isa = PBXFileReference; lastKnownFileType = sourcecode.swift; path = RegisterViewModel.swift; sourceTree = "<group>"; };
		ADE19F1E2A0103A000E8852F /* 20-PrimeiroAppMVVM.app */ = {isa = PBXFileReference; explicitFileType = wrapper.application; includeInIndex = 0; path = "20-PrimeiroAppMVVM.app"; sourceTree = BUILT_PRODUCTS_DIR; };
		ADE19F212A0103A000E8852F /* AppDelegate.swift */ = {isa = PBXFileReference; lastKnownFileType = sourcecode.swift; path = AppDelegate.swift; sourceTree = "<group>"; };
		ADE19F232A0103A000E8852F /* SceneDelegate.swift */ = {isa = PBXFileReference; lastKnownFileType = sourcecode.swift; path = SceneDelegate.swift; sourceTree = "<group>"; };
		ADE19F252A0103A000E8852F /* HomeVC.swift */ = {isa = PBXFileReference; lastKnownFileType = sourcecode.swift; path = HomeVC.swift; sourceTree = "<group>"; };
		ADE19F2A2A0103A100E8852F /* Assets.xcassets */ = {isa = PBXFileReference; lastKnownFileType = folder.assetcatalog; path = Assets.xcassets; sourceTree = "<group>"; };
		ADE19F2D2A0103A100E8852F /* Base */ = {isa = PBXFileReference; lastKnownFileType = file.storyboard; name = Base; path = Base.lproj/LaunchScreen.storyboard; sourceTree = "<group>"; };
		ADE19F2F2A0103A100E8852F /* Info.plist */ = {isa = PBXFileReference; lastKnownFileType = text.plist.xml; path = Info.plist; sourceTree = "<group>"; };
		ADE19F362A01082500E8852F /* HomeScreen.swift */ = {isa = PBXFileReference; lastKnownFileType = sourcecode.swift; path = HomeScreen.swift; sourceTree = "<group>"; };
		ADE19F392A0109FE00E8852F /* UIView + Extension.swift */ = {isa = PBXFileReference; lastKnownFileType = sourcecode.swift; path = "UIView + Extension.swift"; sourceTree = "<group>"; };
		ADE19F3B2A010B3E00E8852F /* UIColor + Extension.swift */ = {isa = PBXFileReference; lastKnownFileType = sourcecode.swift; path = "UIColor + Extension.swift"; sourceTree = "<group>"; };
		ADE19F3D2A010CD600E8852F /* HomeViewModel.swift */ = {isa = PBXFileReference; lastKnownFileType = sourcecode.swift; path = HomeViewModel.swift; sourceTree = "<group>"; };
		ADE19F412A010EA600E8852F /* StoryCardCollectionViewCell.swift */ = {isa = PBXFileReference; lastKnownFileType = sourcecode.swift; path = StoryCardCollectionViewCell.swift; sourceTree = "<group>"; };
		ADE19F442A010F1100E8852F /* StoryCardCollectionViewCellScreen.swift */ = {isa = PBXFileReference; lastKnownFileType = sourcecode.swift; path = StoryCardCollectionViewCellScreen.swift; sourceTree = "<group>"; };
		ADF35C522A04F95D000C4C28 /* PostCardCollectionViewCell.swift */ = {isa = PBXFileReference; lastKnownFileType = sourcecode.swift; path = PostCardCollectionViewCell.swift; sourceTree = "<group>"; };
		ADF35C552A04F9AF000C4C28 /* PostCardCollectionViewCellScreen.swift */ = {isa = PBXFileReference; lastKnownFileType = sourcecode.swift; path = PostCardCollectionViewCellScreen.swift; sourceTree = "<group>"; };
		ADF35C572A04FBD5000C4C28 /* Posts.swift */ = {isa = PBXFileReference; lastKnownFileType = sourcecode.swift; path = Posts.swift; sourceTree = "<group>"; };
		ADF35C5A2A04FDEB000C4C28 /* PostCardViewModel.swift */ = {isa = PBXFileReference; lastKnownFileType = sourcecode.swift; path = PostCardViewModel.swift; sourceTree = "<group>"; };
		ADF955CE2A0259D400114C24 /* StoryCardViewModel.swift */ = {isa = PBXFileReference; lastKnownFileType = sourcecode.swift; path = StoryCardViewModel.swift; sourceTree = "<group>"; };
		ADF955D22A025B7800114C24 /* Stories.swift */ = {isa = PBXFileReference; lastKnownFileType = sourcecode.swift; path = Stories.swift; sourceTree = "<group>"; };
		ADF955D72A025E7200114C24 /* StoryCollectionViewCell.swift */ = {isa = PBXFileReference; lastKnownFileType = sourcecode.swift; path = StoryCollectionViewCell.swift; sourceTree = "<group>"; };
		ADF955DA2A025F2600114C24 /* StoryCollectionViewCellScreen.swift */ = {isa = PBXFileReference; lastKnownFileType = sourcecode.swift; path = StoryCollectionViewCellScreen.swift; sourceTree = "<group>"; };
		ADFF81FA2A143D7000BDEB06 /* HomeData.json */ = {isa = PBXFileReference; lastKnownFileType = text.json; path = HomeData.json; sourceTree = "<group>"; };
		ADFF81FD2A143E4300BDEB06 /* HomeService.swift */ = {isa = PBXFileReference; lastKnownFileType = sourcecode.swift; path = HomeService.swift; sourceTree = "<group>"; };
		ADFF81FF2A14410A00BDEB06 /* HomeData.swift */ = {isa = PBXFileReference; lastKnownFileType = sourcecode.swift; path = HomeData.swift; sourceTree = "<group>"; };
		DA3DD0A29560079EAC026E47 /* Pods_20_PrimeiroAppMVVM.framework */ = {isa = PBXFileReference; explicitFileType = wrapper.framework; includeInIndex = 0; path = Pods_20_PrimeiroAppMVVM.framework; sourceTree = BUILT_PRODUCTS_DIR; };
		FC6732B99F951D7EFCE08D37 /* Pods-20-PrimeiroAppMVVM.release.xcconfig */ = {isa = PBXFileReference; includeInIndex = 1; lastKnownFileType = text.xcconfig; name = "Pods-20-PrimeiroAppMVVM.release.xcconfig"; path = "Target Support Files/Pods-20-PrimeiroAppMVVM/Pods-20-PrimeiroAppMVVM.release.xcconfig"; sourceTree = "<group>"; };
/* End PBXFileReference section */

/* Begin PBXFrameworksBuildPhase section */
		ADE19F1B2A0103A000E8852F /* Frameworks */ = {
			isa = PBXFrameworksBuildPhase;
			buildActionMask = 2147483647;
			files = (
				ADD1BE9F2A13BFEA00253F3C /* FirebaseAuth in Frameworks */,
				ADD1BEA12A13BFEA00253F3C /* FirebaseCrashlytics in Frameworks */,
				FEBCD771656571E3784F59A8 /* Pods_20_PrimeiroAppMVVM.framework in Frameworks */,
			);
			runOnlyForDeploymentPostprocessing = 0;
		};
/* End PBXFrameworksBuildPhase section */

/* Begin PBXGroup section */
		4E2F76218E5B3B9A5C9381F1 /* Pods */ = {
			isa = PBXGroup;
			children = (
				4CFF13E16EDCDDB0A5340738 /* Pods-20-PrimeiroAppMVVM.debug.xcconfig */,
				FC6732B99F951D7EFCE08D37 /* Pods-20-PrimeiroAppMVVM.release.xcconfig */,
			);
			name = Pods;
			path = Pods;
			sourceTree = "<group>";
		};
		59693F03243B9210B1A67D99 /* Frameworks */ = {
			isa = PBXGroup;
			children = (
				DA3DD0A29560079EAC026E47 /* Pods_20_PrimeiroAppMVVM.framework */,
			);
			name = Frameworks;
			sourceTree = "<group>";
		};
		AD0DEF872A08EB5600822A0B /* PostCollectionViewCell */ = {
			isa = PBXGroup;
			children = (
				AD0DEF8A2A08EB9500822A0B /* Screen */,
				AD0DEF882A08EB8600822A0B /* PostCollectionViewCell.swift */,
			);
			path = PostCollectionViewCell;
			sourceTree = "<group>";
		};
		AD0DEF8A2A08EB9500822A0B /* Screen */ = {
			isa = PBXGroup;
			children = (
				AD0DEF8B2A08EBB000822A0B /* PostCollectionViewCellScreen.swift */,
			);
			path = Screen;
			sourceTree = "<group>";
		};
		AD72367C2A13CB6300B1B5DC /* Alert */ = {
			isa = PBXGroup;
			children = (
				AD72367D2A13CB8900B1B5DC /* Alert.swift */,
			);
			path = Alert;
			sourceTree = "<group>";
		};
		AD95FE3D2A13F82800EE4B5C /* RegisterVC */ = {
			isa = PBXGroup;
			children = (
				ADD1BEB32A13C54500253F3C /* ViewModel */,
				ADD1BEAD2A13C26700253F3C /* VC */,
				ADD1BEAF2A13C26700253F3C /* Screen */,
			);
			path = RegisterVC;
			sourceTree = "<group>";
		};
		AD95FE3E2A13F8BE00EE4B5C /* ViewModel */ = {
			isa = PBXGroup;
			children = (
				AD95FE3F2A13F8BE00EE4B5C /* LoginViewModel.swift */,
			);
			path = ViewModel;
			sourceTree = "<group>";
		};
		AD95FE402A13F8BE00EE4B5C /* VC */ = {
			isa = PBXGroup;
			children = (
				AD95FE412A13F8BE00EE4B5C /* LoginVC.swift */,
			);
			path = VC;
			sourceTree = "<group>";
		};
		AD95FE422A13F8BE00EE4B5C /* Screen */ = {
			isa = PBXGroup;
			children = (
				AD95FE432A13F8BE00EE4B5C /* LoginScreen.swift */,
			);
			path = Screen;
			sourceTree = "<group>";
		};
		ADD1BEAC2A13C26700253F3C /* LoginVC */ = {
			isa = PBXGroup;
			children = (
				AD95FE3E2A13F8BE00EE4B5C /* ViewModel */,
				AD95FE402A13F8BE00EE4B5C /* VC */,
				AD95FE422A13F8BE00EE4B5C /* Screen */,
			);
			name = LoginVC;
			path = "../../17-PrimeiroProjetoViewCode/17-PrimeiroProjetoViewCode/LoginVC";
			sourceTree = "<group>";
		};
		ADD1BEAD2A13C26700253F3C /* VC */ = {
			isa = PBXGroup;
			children = (
				ADD1BEAE2A13C26700253F3C /* RegisterVC.swift */,
			);
			path = VC;
			sourceTree = "<group>";
		};
		ADD1BEAF2A13C26700253F3C /* Screen */ = {
			isa = PBXGroup;
			children = (
				ADD1BEB02A13C26700253F3C /* RegisterScreen.swift */,
			);
			path = Screen;
			sourceTree = "<group>";
		};
		ADD1BEB32A13C54500253F3C /* ViewModel */ = {
			isa = PBXGroup;
			children = (
				ADD1BEB42A13C56500253F3C /* RegisterViewModel.swift */,
			);
			path = ViewModel;
			sourceTree = "<group>";
		};
		ADE19F152A0103A000E8852F = {
			isa = PBXGroup;
			children = (
				ADE19F202A0103A000E8852F /* 20-PrimeiroAppMVVM */,
				ADE19F1F2A0103A000E8852F /* Products */,
				4E2F76218E5B3B9A5C9381F1 /* Pods */,
				59693F03243B9210B1A67D99 /* Frameworks */,
			);
			sourceTree = "<group>";
		};
		ADE19F1F2A0103A000E8852F /* Products */ = {
			isa = PBXGroup;
			children = (
				ADE19F1E2A0103A000E8852F /* 20-PrimeiroAppMVVM.app */,
			);
			name = Products;
			sourceTree = "<group>";
		};
		ADE19F202A0103A000E8852F /* 20-PrimeiroAppMVVM */ = {
			isa = PBXGroup;
			children = (
				ADFF81FC2A143E2200BDEB06 /* Service */,
				ADFF81F92A143D4B00BDEB06 /* Mock */,
				AD72367C2A13CB6300B1B5DC /* Alert */,
				ADF955D12A025B6800114C24 /* Model */,
				ADE19F382A0109DD00E8852F /* Extension */,
				ADD1BEAC2A13C26700253F3C /* LoginVC */,
				AD95FE3D2A13F82800EE4B5C /* RegisterVC */,
				ADE19F352A01080500E8852F /* HomeVC */,
				ADE19F212A0103A000E8852F /* AppDelegate.swift */,
				ADE19F232A0103A000E8852F /* SceneDelegate.swift */,
				ADE19F2A2A0103A100E8852F /* Assets.xcassets */,
				ADD1BE9B2A13BF6100253F3C /* GoogleService-Info.plist */,
				ADE19F2C2A0103A100E8852F /* LaunchScreen.storyboard */,
				ADE19F2F2A0103A100E8852F /* Info.plist */,
			);
			path = "20-PrimeiroAppMVVM";
			sourceTree = "<group>";
		};
		ADE19F352A01080500E8852F /* HomeVC */ = {
			isa = PBXGroup;
			children = (
				ADF955D52A025BB300114C24 /* ViewModel */,
				ADF955D42A025BAC00114C24 /* Screen */,
				ADE19F3F2A010E4500E8852F /* Cell */,
				ADE19F252A0103A000E8852F /* HomeVC.swift */,
			);
			path = HomeVC;
			sourceTree = "<group>";
		};
		ADE19F382A0109DD00E8852F /* Extension */ = {
			isa = PBXGroup;
			children = (
				ADE19F392A0109FE00E8852F /* UIView + Extension.swift */,
				ADE19F3B2A010B3E00E8852F /* UIColor + Extension.swift */,
			);
			path = Extension;
			sourceTree = "<group>";
		};
		ADE19F3F2A010E4500E8852F /* Cell */ = {
			isa = PBXGroup;
			children = (
				ADF35C502A04F917000C4C28 /* Post */,
				ADF35C4F2A04F909000C4C28 /* Story */,
			);
			path = Cell;
			sourceTree = "<group>";
		};
		ADE19F402A010E5800E8852F /* StoryCardCollectionViewCell */ = {
			isa = PBXGroup;
			children = (
				ADF955D02A025A0200114C24 /* ViewModel */,
				ADE19F432A010EE600E8852F /* Screen */,
				ADE19F412A010EA600E8852F /* StoryCardCollectionViewCell.swift */,
			);
			path = StoryCardCollectionViewCell;
			sourceTree = "<group>";
		};
		ADE19F432A010EE600E8852F /* Screen */ = {
			isa = PBXGroup;
			children = (
				ADE19F442A010F1100E8852F /* StoryCardCollectionViewCellScreen.swift */,
			);
			path = Screen;
			sourceTree = "<group>";
		};
		ADF35C4F2A04F909000C4C28 /* Story */ = {
			isa = PBXGroup;
			children = (
				ADF955D62A025E3F00114C24 /* StoryCollectionViewCell */,
				ADE19F402A010E5800E8852F /* StoryCardCollectionViewCell */,
			);
			path = Story;
			sourceTree = "<group>";
		};
		ADF35C502A04F917000C4C28 /* Post */ = {
			isa = PBXGroup;
			children = (
				AD0DEF872A08EB5600822A0B /* PostCollectionViewCell */,
				ADF35C512A04F93C000C4C28 /* PostCardCollectionViewCell */,
			);
			path = Post;
			sourceTree = "<group>";
		};
		ADF35C512A04F93C000C4C28 /* PostCardCollectionViewCell */ = {
			isa = PBXGroup;
			children = (
				ADF35C592A04FDB6000C4C28 /* ViewModel */,
				ADF35C542A04F995000C4C28 /* Screen */,
				ADF35C522A04F95D000C4C28 /* PostCardCollectionViewCell.swift */,
			);
			path = PostCardCollectionViewCell;
			sourceTree = "<group>";
		};
		ADF35C542A04F995000C4C28 /* Screen */ = {
			isa = PBXGroup;
			children = (
				ADF35C552A04F9AF000C4C28 /* PostCardCollectionViewCellScreen.swift */,
			);
			path = Screen;
			sourceTree = "<group>";
		};
		ADF35C592A04FDB6000C4C28 /* ViewModel */ = {
			isa = PBXGroup;
			children = (
				ADF35C5A2A04FDEB000C4C28 /* PostCardViewModel.swift */,
			);
			path = ViewModel;
			sourceTree = "<group>";
		};
		ADF955D02A025A0200114C24 /* ViewModel */ = {
			isa = PBXGroup;
			children = (
				ADF955CE2A0259D400114C24 /* StoryCardViewModel.swift */,
			);
			path = ViewModel;
			sourceTree = "<group>";
		};
		ADF955D12A025B6800114C24 /* Model */ = {
			isa = PBXGroup;
			children = (
				ADF955D22A025B7800114C24 /* Stories.swift */,
				ADF35C572A04FBD5000C4C28 /* Posts.swift */,
				ADFF81FF2A14410A00BDEB06 /* HomeData.swift */,
			);
			path = Model;
			sourceTree = "<group>";
		};
		ADF955D42A025BAC00114C24 /* Screen */ = {
			isa = PBXGroup;
			children = (
				ADE19F362A01082500E8852F /* HomeScreen.swift */,
			);
			path = Screen;
			sourceTree = "<group>";
		};
		ADF955D52A025BB300114C24 /* ViewModel */ = {
			isa = PBXGroup;
			children = (
				ADE19F3D2A010CD600E8852F /* HomeViewModel.swift */,
			);
			path = ViewModel;
			sourceTree = "<group>";
		};
		ADF955D62A025E3F00114C24 /* StoryCollectionViewCell */ = {
			isa = PBXGroup;
			children = (
				ADF955D92A025F0800114C24 /* Screen */,
				ADF955D72A025E7200114C24 /* StoryCollectionViewCell.swift */,
			);
			path = StoryCollectionViewCell;
			sourceTree = "<group>";
		};
		ADF955D92A025F0800114C24 /* Screen */ = {
			isa = PBXGroup;
			children = (
				ADF955DA2A025F2600114C24 /* StoryCollectionViewCellScreen.swift */,
			);
			path = Screen;
			sourceTree = "<group>";
		};
		ADFF81F92A143D4B00BDEB06 /* Mock */ = {
			isa = PBXGroup;
			children = (
				ADFF81FA2A143D7000BDEB06 /* HomeData.json */,
			);
			path = Mock;
			sourceTree = "<group>";
		};
		ADFF81FC2A143E2200BDEB06 /* Service */ = {
			isa = PBXGroup;
			children = (
				ADFF81FD2A143E4300BDEB06 /* HomeService.swift */,
			);
			path = Service;
			sourceTree = "<group>";
		};
/* End PBXGroup section */

/* Begin PBXNativeTarget section */
		ADE19F1D2A0103A000E8852F /* 20-PrimeiroAppMVVM */ = {
			isa = PBXNativeTarget;
			buildConfigurationList = ADE19F322A0103A100E8852F /* Build configuration list for PBXNativeTarget "20-PrimeiroAppMVVM" */;
			buildPhases = (
				0C9ED2AEA373FD96C12A1179 /* [CP] Check Pods Manifest.lock */,
				ADE19F1A2A0103A000E8852F /* Sources */,
				ADE19F1B2A0103A000E8852F /* Frameworks */,
				ADE19F1C2A0103A000E8852F /* Resources */,
				ADFF81F82A143ABF00BDEB06 /* ShellScript */,
				85CCC2019868CBE127C4B328 /* [CP] Embed Pods Frameworks */,
			);
			buildRules = (
			);
			dependencies = (
			);
			name = "20-PrimeiroAppMVVM";
			packageProductDependencies = (
				ADD1BE9E2A13BFEA00253F3C /* FirebaseAuth */,
				ADD1BEA02A13BFEA00253F3C /* FirebaseCrashlytics */,
			);
			productName = "20-PrimeiroAppMVVM";
			productReference = ADE19F1E2A0103A000E8852F /* 20-PrimeiroAppMVVM.app */;
			productType = "com.apple.product-type.application";
		};
/* End PBXNativeTarget section */

/* Begin PBXProject section */
		ADE19F162A0103A000E8852F /* Project object */ = {
			isa = PBXProject;
			attributes = {
				BuildIndependentTargetsInParallel = 1;
				LastSwiftUpdateCheck = 1430;
				LastUpgradeCheck = 1430;
				TargetAttributes = {
					ADE19F1D2A0103A000E8852F = {
						CreatedOnToolsVersion = 14.3;
					};
				};
			};
			buildConfigurationList = ADE19F192A0103A000E8852F /* Build configuration list for PBXProject "20-PrimeiroAppMVVM" */;
			compatibilityVersion = "Xcode 14.0";
			developmentRegion = en;
			hasScannedForEncodings = 0;
			knownRegions = (
				en,
				Base,
			);
			mainGroup = ADE19F152A0103A000E8852F;
			packageReferences = (
				ADD1BE9D2A13BFEA00253F3C /* XCRemoteSwiftPackageReference "firebase-ios-sdk" */,
			);
			productRefGroup = ADE19F1F2A0103A000E8852F /* Products */;
			projectDirPath = "";
			projectRoot = "";
			targets = (
				ADE19F1D2A0103A000E8852F /* 20-PrimeiroAppMVVM */,
			);
		};
/* End PBXProject section */

/* Begin PBXResourcesBuildPhase section */
		ADE19F1C2A0103A000E8852F /* Resources */ = {
			isa = PBXResourcesBuildPhase;
			buildActionMask = 2147483647;
			files = (
				ADFF81FB2A143D7000BDEB06 /* HomeData.json in Resources */,
				ADE19F2E2A0103A100E8852F /* LaunchScreen.storyboard in Resources */,
				ADE19F2B2A0103A100E8852F /* Assets.xcassets in Resources */,
				ADD1BE9C2A13BF6100253F3C /* GoogleService-Info.plist in Resources */,
			);
			runOnlyForDeploymentPostprocessing = 0;
		};
/* End PBXResourcesBuildPhase section */

/* Begin PBXShellScriptBuildPhase section */
		0C9ED2AEA373FD96C12A1179 /* [CP] Check Pods Manifest.lock */ = {
			isa = PBXShellScriptBuildPhase;
			buildActionMask = 2147483647;
			files = (
			);
			inputFileListPaths = (
			);
			inputPaths = (
				"${PODS_PODFILE_DIR_PATH}/Podfile.lock",
				"${PODS_ROOT}/Manifest.lock",
			);
			name = "[CP] Check Pods Manifest.lock";
			outputFileListPaths = (
			);
			outputPaths = (
				"$(DERIVED_FILE_DIR)/Pods-20-PrimeiroAppMVVM-checkManifestLockResult.txt",
			);
			runOnlyForDeploymentPostprocessing = 0;
			shellPath = /bin/sh;
			shellScript = "diff \"${PODS_PODFILE_DIR_PATH}/Podfile.lock\" \"${PODS_ROOT}/Manifest.lock\" > /dev/null\nif [ $? != 0 ] ; then\n    # print error to STDERR\n    echo \"error: The sandbox is not in sync with the Podfile.lock. Run 'pod install' or update your CocoaPods installation.\" >&2\n    exit 1\nfi\n# This output is used by Xcode 'outputs' to avoid re-running this script phase.\necho \"SUCCESS\" > \"${SCRIPT_OUTPUT_FILE_0}\"\n";
			showEnvVarsInLog = 0;
		};
		85CCC2019868CBE127C4B328 /* [CP] Embed Pods Frameworks */ = {
			isa = PBXShellScriptBuildPhase;
			buildActionMask = 2147483647;
			files = (
			);
			inputFileListPaths = (
				"${PODS_ROOT}/Target Support Files/Pods-20-PrimeiroAppMVVM/Pods-20-PrimeiroAppMVVM-frameworks-${CONFIGURATION}-input-files.xcfilelist",
			);
			name = "[CP] Embed Pods Frameworks";
			outputFileListPaths = (
				"${PODS_ROOT}/Target Support Files/Pods-20-PrimeiroAppMVVM/Pods-20-PrimeiroAppMVVM-frameworks-${CONFIGURATION}-output-files.xcfilelist",
			);
			runOnlyForDeploymentPostprocessing = 0;
			shellPath = /bin/sh;
			shellScript = "\"${PODS_ROOT}/Target Support Files/Pods-20-PrimeiroAppMVVM/Pods-20-PrimeiroAppMVVM-frameworks.sh\"\n";
			showEnvVarsInLog = 0;
		};
		ADFF81F82A143ABF00BDEB06 /* ShellScript */ = {
			isa = PBXShellScriptBuildPhase;
			buildActionMask = 2147483647;
			files = (
			);
			inputFileListPaths = (
			);
			inputPaths = (
				"${DWARF_DSYM_FOLDER_PATH}/${DWARF_DSYM_FILE_NAME}/Contents/Resources/DWARF/${TARGET_NAME}",
				"$(SRCROOT)/$(BUILT_PRODUCTS_DIR)/$(INFOPLIST_PATH)",
			);
			outputFileListPaths = (
			);
			outputPaths = (
			);
			runOnlyForDeploymentPostprocessing = 0;
			shellPath = /bin/sh;
			shellScript = "\"${BUILD_DIR%/Build/*}/SourcePackages/checkouts/firebase-ios-sdk/Crashlytics/run\"\n";
		};
/* End PBXShellScriptBuildPhase section */

/* Begin PBXSourcesBuildPhase section */
		ADE19F1A2A0103A000E8852F /* Sources */ = {
			isa = PBXSourcesBuildPhase;
			buildActionMask = 2147483647;
			files = (
				ADE19F372A01082500E8852F /* HomeScreen.swift in Sources */,
				AD0DEF8C2A08EBB000822A0B /* PostCollectionViewCellScreen.swift in Sources */,
				ADF955DB2A025F2600114C24 /* StoryCollectionViewCellScreen.swift in Sources */,
				AD72367E2A13CB8900B1B5DC /* Alert.swift in Sources */,
				ADFF82002A14410A00BDEB06 /* HomeData.swift in Sources */,
				ADF35C532A04F95D000C4C28 /* PostCardCollectionViewCell.swift in Sources */,
				ADFF81F52A13FB5300BDEB06 /* LoginScreen.swift in Sources */,
				ADE19F262A0103A000E8852F /* HomeVC.swift in Sources */,
				ADE19F422A010EA600E8852F /* StoryCardCollectionViewCell.swift in Sources */,
				ADFF81F72A13FB5B00BDEB06 /* LoginViewModel.swift in Sources */,
				ADE19F3E2A010CD600E8852F /* HomeViewModel.swift in Sources */,
				ADFF81F62A13FB5800BDEB06 /* LoginVC.swift in Sources */,
				ADD1BEB52A13C56500253F3C /* RegisterViewModel.swift in Sources */,
				ADF955D82A025E7200114C24 /* StoryCollectionViewCell.swift in Sources */,
				ADF955CF2A0259D400114C24 /* StoryCardViewModel.swift in Sources */,
				AD0DEF892A08EB8600822A0B /* PostCollectionViewCell.swift in Sources */,
				ADF35C5B2A04FDEB000C4C28 /* PostCardViewModel.swift in Sources */,
				ADD1BEB22A13C26700253F3C /* RegisterScreen.swift in Sources */,
				ADF35C562A04F9AF000C4C28 /* PostCardCollectionViewCellScreen.swift in Sources */,
				ADF955D32A025B7800114C24 /* Stories.swift in Sources */,
				ADE19F222A0103A000E8852F /* AppDelegate.swift in Sources */,
				ADD1BEB12A13C26700253F3C /* RegisterVC.swift in Sources */,
				ADE19F3C2A010B3E00E8852F /* UIColor + Extension.swift in Sources */,
				ADE19F3A2A0109FE00E8852F /* UIView + Extension.swift in Sources */,
				ADE19F242A0103A000E8852F /* SceneDelegate.swift in Sources */,
				ADFF81FE2A143E4300BDEB06 /* HomeService.swift in Sources */,
				ADE19F452A010F1100E8852F /* StoryCardCollectionViewCellScreen.swift in Sources */,
				ADF35C582A04FBD5000C4C28 /* Posts.swift in Sources */,
			);
			runOnlyForDeploymentPostprocessing = 0;
		};
/* End PBXSourcesBuildPhase section */

/* Begin PBXVariantGroup section */
		ADE19F2C2A0103A100E8852F /* LaunchScreen.storyboard */ = {
			isa = PBXVariantGroup;
			children = (
				ADE19F2D2A0103A100E8852F /* Base */,
			);
			name = LaunchScreen.storyboard;
			sourceTree = "<group>";
		};
/* End PBXVariantGroup section */

/* Begin XCBuildConfiguration section */
		ADE19F302A0103A100E8852F /* Debug */ = {
			isa = XCBuildConfiguration;
			buildSettings = {
				ALWAYS_SEARCH_USER_PATHS = NO;
				CLANG_ANALYZER_NONNULL = YES;
				CLANG_ANALYZER_NUMBER_OBJECT_CONVERSION = YES_AGGRESSIVE;
				CLANG_CXX_LANGUAGE_STANDARD = "gnu++20";
				CLANG_ENABLE_MODULES = YES;
				CLANG_ENABLE_OBJC_ARC = YES;
				CLANG_ENABLE_OBJC_WEAK = YES;
				CLANG_WARN_BLOCK_CAPTURE_AUTORELEASING = YES;
				CLANG_WARN_BOOL_CONVERSION = YES;
				CLANG_WARN_COMMA = YES;
				CLANG_WARN_CONSTANT_CONVERSION = YES;
				CLANG_WARN_DEPRECATED_OBJC_IMPLEMENTATIONS = YES;
				CLANG_WARN_DIRECT_OBJC_ISA_USAGE = YES_ERROR;
				CLANG_WARN_DOCUMENTATION_COMMENTS = YES;
				CLANG_WARN_EMPTY_BODY = YES;
				CLANG_WARN_ENUM_CONVERSION = YES;
				CLANG_WARN_INFINITE_RECURSION = YES;
				CLANG_WARN_INT_CONVERSION = YES;
				CLANG_WARN_NON_LITERAL_NULL_CONVERSION = YES;
				CLANG_WARN_OBJC_IMPLICIT_RETAIN_SELF = YES;
				CLANG_WARN_OBJC_LITERAL_CONVERSION = YES;
				CLANG_WARN_OBJC_ROOT_CLASS = YES_ERROR;
				CLANG_WARN_QUOTED_INCLUDE_IN_FRAMEWORK_HEADER = YES;
				CLANG_WARN_RANGE_LOOP_ANALYSIS = YES;
				CLANG_WARN_STRICT_PROTOTYPES = YES;
				CLANG_WARN_SUSPICIOUS_MOVE = YES;
				CLANG_WARN_UNGUARDED_AVAILABILITY = YES_AGGRESSIVE;
				CLANG_WARN_UNREACHABLE_CODE = YES;
				CLANG_WARN__DUPLICATE_METHOD_MATCH = YES;
				COPY_PHASE_STRIP = NO;
				DEBUG_INFORMATION_FORMAT = "dwarf-with-dsym";
				ENABLE_STRICT_OBJC_MSGSEND = YES;
				ENABLE_TESTABILITY = YES;
				GCC_C_LANGUAGE_STANDARD = gnu11;
				GCC_DYNAMIC_NO_PIC = NO;
				GCC_NO_COMMON_BLOCKS = YES;
				GCC_OPTIMIZATION_LEVEL = 0;
				GCC_PREPROCESSOR_DEFINITIONS = (
					"DEBUG=1",
					"$(inherited)",
				);
				GCC_WARN_64_TO_32_BIT_CONVERSION = YES;
				GCC_WARN_ABOUT_RETURN_TYPE = YES_ERROR;
				GCC_WARN_UNDECLARED_SELECTOR = YES;
				GCC_WARN_UNINITIALIZED_AUTOS = YES_AGGRESSIVE;
				GCC_WARN_UNUSED_FUNCTION = YES;
				GCC_WARN_UNUSED_VARIABLE = YES;
				IPHONEOS_DEPLOYMENT_TARGET = 16.4;
				MTL_ENABLE_DEBUG_INFO = INCLUDE_SOURCE;
				MTL_FAST_MATH = YES;
				ONLY_ACTIVE_ARCH = YES;
				SDKROOT = iphoneos;
				SWIFT_ACTIVE_COMPILATION_CONDITIONS = DEBUG;
				SWIFT_OPTIMIZATION_LEVEL = "-Onone";
			};
			name = Debug;
		};
		ADE19F312A0103A100E8852F /* Release */ = {
			isa = XCBuildConfiguration;
			buildSettings = {
				ALWAYS_SEARCH_USER_PATHS = NO;
				CLANG_ANALYZER_NONNULL = YES;
				CLANG_ANALYZER_NUMBER_OBJECT_CONVERSION = YES_AGGRESSIVE;
				CLANG_CXX_LANGUAGE_STANDARD = "gnu++20";
				CLANG_ENABLE_MODULES = YES;
				CLANG_ENABLE_OBJC_ARC = YES;
				CLANG_ENABLE_OBJC_WEAK = YES;
				CLANG_WARN_BLOCK_CAPTURE_AUTORELEASING = YES;
				CLANG_WARN_BOOL_CONVERSION = YES;
				CLANG_WARN_COMMA = YES;
				CLANG_WARN_CONSTANT_CONVERSION = YES;
				CLANG_WARN_DEPRECATED_OBJC_IMPLEMENTATIONS = YES;
				CLANG_WARN_DIRECT_OBJC_ISA_USAGE = YES_ERROR;
				CLANG_WARN_DOCUMENTATION_COMMENTS = YES;
				CLANG_WARN_EMPTY_BODY = YES;
				CLANG_WARN_ENUM_CONVERSION = YES;
				CLANG_WARN_INFINITE_RECURSION = YES;
				CLANG_WARN_INT_CONVERSION = YES;
				CLANG_WARN_NON_LITERAL_NULL_CONVERSION = YES;
				CLANG_WARN_OBJC_IMPLICIT_RETAIN_SELF = YES;
				CLANG_WARN_OBJC_LITERAL_CONVERSION = YES;
				CLANG_WARN_OBJC_ROOT_CLASS = YES_ERROR;
				CLANG_WARN_QUOTED_INCLUDE_IN_FRAMEWORK_HEADER = YES;
				CLANG_WARN_RANGE_LOOP_ANALYSIS = YES;
				CLANG_WARN_STRICT_PROTOTYPES = YES;
				CLANG_WARN_SUSPICIOUS_MOVE = YES;
				CLANG_WARN_UNGUARDED_AVAILABILITY = YES_AGGRESSIVE;
				CLANG_WARN_UNREACHABLE_CODE = YES;
				CLANG_WARN__DUPLICATE_METHOD_MATCH = YES;
				COPY_PHASE_STRIP = NO;
				DEBUG_INFORMATION_FORMAT = "dwarf-with-dsym";
				ENABLE_NS_ASSERTIONS = NO;
				ENABLE_STRICT_OBJC_MSGSEND = YES;
				GCC_C_LANGUAGE_STANDARD = gnu11;
				GCC_NO_COMMON_BLOCKS = YES;
				GCC_WARN_64_TO_32_BIT_CONVERSION = YES;
				GCC_WARN_ABOUT_RETURN_TYPE = YES_ERROR;
				GCC_WARN_UNDECLARED_SELECTOR = YES;
				GCC_WARN_UNINITIALIZED_AUTOS = YES_AGGRESSIVE;
				GCC_WARN_UNUSED_FUNCTION = YES;
				GCC_WARN_UNUSED_VARIABLE = YES;
				IPHONEOS_DEPLOYMENT_TARGET = 16.4;
				MTL_ENABLE_DEBUG_INFO = NO;
				MTL_FAST_MATH = YES;
				SDKROOT = iphoneos;
				SWIFT_COMPILATION_MODE = wholemodule;
				SWIFT_OPTIMIZATION_LEVEL = "-O";
				VALIDATE_PRODUCT = YES;
			};
			name = Release;
		};
		ADE19F332A0103A100E8852F /* Debug */ = {
			isa = XCBuildConfiguration;
			baseConfigurationReference = 4CFF13E16EDCDDB0A5340738 /* Pods-20-PrimeiroAppMVVM.debug.xcconfig */;
			buildSettings = {
				ASSETCATALOG_COMPILER_APPICON_NAME = AppIcon;
				ASSETCATALOG_COMPILER_GLOBAL_ACCENT_COLOR_NAME = AccentColor;
				CODE_SIGN_STYLE = Automatic;
				CURRENT_PROJECT_VERSION = 1;
				DEBUG_INFORMATION_FORMAT = "dwarf-with-dsym";
				GENERATE_INFOPLIST_FILE = YES;
				INFOPLIST_FILE = "20-PrimeiroAppMVVM/Info.plist";
				INFOPLIST_KEY_UIApplicationSupportsIndirectInputEvents = YES;
				INFOPLIST_KEY_UILaunchStoryboardName = LaunchScreen;
				INFOPLIST_KEY_UISupportedInterfaceOrientations_iPad = "UIInterfaceOrientationPortrait UIInterfaceOrientationPortraitUpsideDown UIInterfaceOrientationLandscapeLeft UIInterfaceOrientationLandscapeRight";
				INFOPLIST_KEY_UISupportedInterfaceOrientations_iPhone = "UIInterfaceOrientationPortrait UIInterfaceOrientationLandscapeLeft UIInterfaceOrientationLandscapeRight";
				LD_RUNPATH_SEARCH_PATHS = (
					"$(inherited)",
					"@executable_path/Frameworks",
				);
				MARKETING_VERSION = 1.0;
				PRODUCT_BUNDLE_IDENTIFIER = "oga.company.-0-PrimeiroAppMVVM";
				PRODUCT_NAME = "$(TARGET_NAME)";
				SWIFT_EMIT_LOC_STRINGS = YES;
				SWIFT_VERSION = 5.0;
				TARGETED_DEVICE_FAMILY = "1,2";
			};
			name = Debug;
		};
		ADE19F342A0103A100E8852F /* Release */ = {
			isa = XCBuildConfiguration;
			baseConfigurationReference = FC6732B99F951D7EFCE08D37 /* Pods-20-PrimeiroAppMVVM.release.xcconfig */;
			buildSettings = {
				ASSETCATALOG_COMPILER_APPICON_NAME = AppIcon;
				ASSETCATALOG_COMPILER_GLOBAL_ACCENT_COLOR_NAME = AccentColor;
				CODE_SIGN_STYLE = Automatic;
				CURRENT_PROJECT_VERSION = 1;
				GENERATE_INFOPLIST_FILE = YES;
				INFOPLIST_FILE = "20-PrimeiroAppMVVM/Info.plist";
				INFOPLIST_KEY_UIApplicationSupportsIndirectInputEvents = YES;
				INFOPLIST_KEY_UILaunchStoryboardName = LaunchScreen;
				INFOPLIST_KEY_UISupportedInterfaceOrientations_iPad = "UIInterfaceOrientationPortrait UIInterfaceOrientationPortraitUpsideDown UIInterfaceOrientationLandscapeLeft UIInterfaceOrientationLandscapeRight";
				INFOPLIST_KEY_UISupportedInterfaceOrientations_iPhone = "UIInterfaceOrientationPortrait UIInterfaceOrientationLandscapeLeft UIInterfaceOrientationLandscapeRight";
				LD_RUNPATH_SEARCH_PATHS = (
					"$(inherited)",
					"@executable_path/Frameworks",
				);
				MARKETING_VERSION = 1.0;
				PRODUCT_BUNDLE_IDENTIFIER = "oga.company.-0-PrimeiroAppMVVM";
				PRODUCT_NAME = "$(TARGET_NAME)";
				SWIFT_EMIT_LOC_STRINGS = YES;
				SWIFT_VERSION = 5.0;
				TARGETED_DEVICE_FAMILY = "1,2";
			};
			name = Release;
		};
/* End XCBuildConfiguration section */

/* Begin XCConfigurationList section */
		ADE19F192A0103A000E8852F /* Build configuration list for PBXProject "20-PrimeiroAppMVVM" */ = {
			isa = XCConfigurationList;
			buildConfigurations = (
				ADE19F302A0103A100E8852F /* Debug */,
				ADE19F312A0103A100E8852F /* Release */,
			);
			defaultConfigurationIsVisible = 0;
			defaultConfigurationName = Release;
		};
		ADE19F322A0103A100E8852F /* Build configuration list for PBXNativeTarget "20-PrimeiroAppMVVM" */ = {
			isa = XCConfigurationList;
			buildConfigurations = (
				ADE19F332A0103A100E8852F /* Debug */,
				ADE19F342A0103A100E8852F /* Release */,
			);
			defaultConfigurationIsVisible = 0;
			defaultConfigurationName = Release;
		};
/* End XCConfigurationList section */

/* Begin XCRemoteSwiftPackageReference section */
		ADD1BE9D2A13BFEA00253F3C /* XCRemoteSwiftPackageReference "firebase-ios-sdk" */ = {
			isa = XCRemoteSwiftPackageReference;
			repositoryURL = "https://github.com/firebase/firebase-ios-sdk";
			requirement = {
				kind = upToNextMajorVersion;
				minimumVersion = 10.0.0;
			};
		};
/* End XCRemoteSwiftPackageReference section */

/* Begin XCSwiftPackageProductDependency section */
		ADD1BE9E2A13BFEA00253F3C /* FirebaseAuth */ = {
			isa = XCSwiftPackageProductDependency;
			package = ADD1BE9D2A13BFEA00253F3C /* XCRemoteSwiftPackageReference "firebase-ios-sdk" */;
			productName = FirebaseAuth;
		};
		ADD1BEA02A13BFEA00253F3C /* FirebaseCrashlytics */ = {
			isa = XCSwiftPackageProductDependency;
			package = ADD1BE9D2A13BFEA00253F3C /* XCRemoteSwiftPackageReference "firebase-ios-sdk" */;
			productName = FirebaseCrashlytics;
		};
/* End XCSwiftPackageProductDependency section */
	};
	rootObject = ADE19F162A0103A000E8852F /* Project object */;
}
