// !$*UTF8*$!
{
	archiveVersion = 1;
	classes = {
	};
	objectVersion = 56;
	objects = {

/* Begin PBXBuildFile section */
		9F519888B6EE06D31817637A /* Pods_SwiftArquiteturas.framework in Frameworks */ = {isa = PBXBuildFile; fileRef = 098DEF306A11817CCD7A80D8 /* Pods_SwiftArquiteturas.framework */; };
		AD13E2F02A56049F0030598C /* UserProvider.swift in Sources */ = {isa = PBXBuildFile; fileRef = AD13E2EF2A56049F0030598C /* UserProvider.swift */; };
		AD13E2F32A5604EA0030598C /* UserModel.swift in Sources */ = {isa = PBXBuildFile; fileRef = AD13E2F22A5604EA0030598C /* UserModel.swift */; };
		AD13E2F62A5609C60030598C /* Constants.swift in Sources */ = {isa = PBXBuildFile; fileRef = AD13E2F52A5609C60030598C /* Constants.swift */; };
		AD13E2F82A560B890030598C /* UserBusiness.swift in Sources */ = {isa = PBXBuildFile; fileRef = AD13E2F72A560B890030598C /* UserBusiness.swift */; };
		AD13E2FA2A560EC40030598C /* UserManager.swift in Sources */ = {isa = PBXBuildFile; fileRef = AD13E2F92A560EC40030598C /* UserManager.swift */; };
		AD339CBC2A541A6F0083D708 /* AppDelegate.swift in Sources */ = {isa = PBXBuildFile; fileRef = AD339CBB2A541A6F0083D708 /* AppDelegate.swift */; };
		AD339CBE2A541A6F0083D708 /* SceneDelegate.swift in Sources */ = {isa = PBXBuildFile; fileRef = AD339CBD2A541A6F0083D708 /* SceneDelegate.swift */; };
		AD339CC02A541A6F0083D708 /* ViewController.swift in Sources */ = {isa = PBXBuildFile; fileRef = AD339CBF2A541A6F0083D708 /* ViewController.swift */; };
		AD339CC32A541A6F0083D708 /* Main.storyboard in Resources */ = {isa = PBXBuildFile; fileRef = AD339CC12A541A6F0083D708 /* Main.storyboard */; };
		AD339CC52A541A700083D708 /* Assets.xcassets in Resources */ = {isa = PBXBuildFile; fileRef = AD339CC42A541A700083D708 /* Assets.xcassets */; };
		AD339CC82A541A700083D708 /* LaunchScreen.storyboard in Resources */ = {isa = PBXBuildFile; fileRef = AD339CC62A541A700083D708 /* LaunchScreen.storyboard */; };
		AD339CD02A541BD00083D708 /* GoogleService-Info.plist in Resources */ = {isa = PBXBuildFile; fileRef = AD339CCF2A541BD00083D708 /* GoogleService-Info.plist */; };
/* End PBXBuildFile section */

/* Begin PBXFileReference section */
		098DEF306A11817CCD7A80D8 /* Pods_SwiftArquiteturas.framework */ = {isa = PBXFileReference; explicitFileType = wrapper.framework; includeInIndex = 0; path = Pods_SwiftArquiteturas.framework; sourceTree = BUILT_PRODUCTS_DIR; };
		AD13E2EF2A56049F0030598C /* UserProvider.swift */ = {isa = PBXFileReference; lastKnownFileType = sourcecode.swift; path = UserProvider.swift; sourceTree = "<group>"; };
		AD13E2F22A5604EA0030598C /* UserModel.swift */ = {isa = PBXFileReference; lastKnownFileType = sourcecode.swift; path = UserModel.swift; sourceTree = "<group>"; };
		AD13E2F52A5609C60030598C /* Constants.swift */ = {isa = PBXFileReference; lastKnownFileType = sourcecode.swift; path = Constants.swift; sourceTree = "<group>"; };
		AD13E2F72A560B890030598C /* UserBusiness.swift */ = {isa = PBXFileReference; lastKnownFileType = sourcecode.swift; path = UserBusiness.swift; sourceTree = "<group>"; };
		AD13E2F92A560EC40030598C /* UserManager.swift */ = {isa = PBXFileReference; lastKnownFileType = sourcecode.swift; path = UserManager.swift; sourceTree = "<group>"; };
		AD339CB82A541A6F0083D708 /* SwiftArquiteturas.app */ = {isa = PBXFileReference; explicitFileType = wrapper.application; includeInIndex = 0; path = SwiftArquiteturas.app; sourceTree = BUILT_PRODUCTS_DIR; };
		AD339CBB2A541A6F0083D708 /* AppDelegate.swift */ = {isa = PBXFileReference; lastKnownFileType = sourcecode.swift; path = AppDelegate.swift; sourceTree = "<group>"; };
		AD339CBD2A541A6F0083D708 /* SceneDelegate.swift */ = {isa = PBXFileReference; lastKnownFileType = sourcecode.swift; path = SceneDelegate.swift; sourceTree = "<group>"; };
		AD339CBF2A541A6F0083D708 /* ViewController.swift */ = {isa = PBXFileReference; lastKnownFileType = sourcecode.swift; path = ViewController.swift; sourceTree = "<group>"; };
		AD339CC22A541A6F0083D708 /* Base */ = {isa = PBXFileReference; lastKnownFileType = file.storyboard; name = Base; path = Base.lproj/Main.storyboard; sourceTree = "<group>"; };
		AD339CC42A541A700083D708 /* Assets.xcassets */ = {isa = PBXFileReference; lastKnownFileType = folder.assetcatalog; path = Assets.xcassets; sourceTree = "<group>"; };
		AD339CC72A541A700083D708 /* Base */ = {isa = PBXFileReference; lastKnownFileType = file.storyboard; name = Base; path = Base.lproj/LaunchScreen.storyboard; sourceTree = "<group>"; };
		AD339CC92A541A700083D708 /* Info.plist */ = {isa = PBXFileReference; lastKnownFileType = text.plist.xml; path = Info.plist; sourceTree = "<group>"; };
		AD339CCF2A541BD00083D708 /* GoogleService-Info.plist */ = {isa = PBXFileReference; fileEncoding = 4; lastKnownFileType = text.plist.xml; path = "GoogleService-Info.plist"; sourceTree = "<group>"; };
		B85DAA108197C48D1C18F1A6 /* Pods-SwiftArquiteturas.debug.xcconfig */ = {isa = PBXFileReference; includeInIndex = 1; lastKnownFileType = text.xcconfig; name = "Pods-SwiftArquiteturas.debug.xcconfig"; path = "Target Support Files/Pods-SwiftArquiteturas/Pods-SwiftArquiteturas.debug.xcconfig"; sourceTree = "<group>"; };
		F884B19861429FA34C8814DD /* Pods-SwiftArquiteturas.release.xcconfig */ = {isa = PBXFileReference; includeInIndex = 1; lastKnownFileType = text.xcconfig; name = "Pods-SwiftArquiteturas.release.xcconfig"; path = "Target Support Files/Pods-SwiftArquiteturas/Pods-SwiftArquiteturas.release.xcconfig"; sourceTree = "<group>"; };
/* End PBXFileReference section */

/* Begin PBXFrameworksBuildPhase section */
		AD339CB52A541A6F0083D708 /* Frameworks */ = {
			isa = PBXFrameworksBuildPhase;
			buildActionMask = 2147483647;
			files = (
				9F519888B6EE06D31817637A /* Pods_SwiftArquiteturas.framework in Frameworks */,
			);
			runOnlyForDeploymentPostprocessing = 0;
		};
/* End PBXFrameworksBuildPhase section */

/* Begin PBXGroup section */
		3B3AA9F1EF63745EA06BECDF /* Pods */ = {
			isa = PBXGroup;
			children = (
				B85DAA108197C48D1C18F1A6 /* Pods-SwiftArquiteturas.debug.xcconfig */,
				F884B19861429FA34C8814DD /* Pods-SwiftArquiteturas.release.xcconfig */,
			);
			path = Pods;
			sourceTree = "<group>";
		};
		3CCE3E84449F8C7068B6474E /* Frameworks */ = {
			isa = PBXGroup;
			children = (
				098DEF306A11817CCD7A80D8 /* Pods_SwiftArquiteturas.framework */,
			);
			name = Frameworks;
			sourceTree = "<group>";
		};
		AD13E2F12A5604D70030598C /* Model */ = {
			isa = PBXGroup;
			children = (
				AD13E2F22A5604EA0030598C /* UserModel.swift */,
			);
			path = Model;
			sourceTree = "<group>";
		};
		AD13E2F42A5609A10030598C /* Infrastructure */ = {
			isa = PBXGroup;
			children = (
				AD13E2F52A5609C60030598C /* Constants.swift */,
			);
			path = Infrastructure;
			sourceTree = "<group>";
		};
		AD339CAF2A541A6F0083D708 = {
			isa = PBXGroup;
			children = (
				AD339CBA2A541A6F0083D708 /* SwiftArquiteturas */,
				AD339CB92A541A6F0083D708 /* Products */,
				3B3AA9F1EF63745EA06BECDF /* Pods */,
				3CCE3E84449F8C7068B6474E /* Frameworks */,
			);
			sourceTree = "<group>";
		};
		AD339CB92A541A6F0083D708 /* Products */ = {
			isa = PBXGroup;
			children = (
				AD339CB82A541A6F0083D708 /* SwiftArquiteturas.app */,
			);
			name = Products;
			sourceTree = "<group>";
		};
		AD339CBA2A541A6F0083D708 /* SwiftArquiteturas */ = {
			isa = PBXGroup;
			children = (
				AD13E2F42A5609A10030598C /* Infrastructure */,
				AD339CD52A541D010083D708 /* Source */,
				AD339CD12A541CBA0083D708 /* API */,
				AD339CC92A541A700083D708 /* Info.plist */,
				AD339CCF2A541BD00083D708 /* GoogleService-Info.plist */,
			);
			path = SwiftArquiteturas;
			sourceTree = "<group>";
		};
		AD339CD12A541CBA0083D708 /* API */ = {
			isa = PBXGroup;
			children = (
				AD13E2F12A5604D70030598C /* Model */,
				AD339CD42A541CE20083D708 /* Business */,
				AD339CD32A541CD80083D708 /* Manager */,
				AD339CD22A541CC40083D708 /* Provider */,
			);
			path = API;
			sourceTree = "<group>";
		};
		AD339CD22A541CC40083D708 /* Provider */ = {
			isa = PBXGroup;
			children = (
				AD13E2EF2A56049F0030598C /* UserProvider.swift */,
			);
			path = Provider;
			sourceTree = "<group>";
		};
		AD339CD32A541CD80083D708 /* Manager */ = {
			isa = PBXGroup;
			children = (
				AD13E2F92A560EC40030598C /* UserManager.swift */,
			);
			path = Manager;
			sourceTree = "<group>";
		};
		AD339CD42A541CE20083D708 /* Business */ = {
			isa = PBXGroup;
			children = (
				AD13E2F72A560B890030598C /* UserBusiness.swift */,
			);
			path = Business;
			sourceTree = "<group>";
		};
		AD339CD52A541D010083D708 /* Source */ = {
			isa = PBXGroup;
			children = (
				AD339CBB2A541A6F0083D708 /* AppDelegate.swift */,
				AD339CBD2A541A6F0083D708 /* SceneDelegate.swift */,
				AD339CBF2A541A6F0083D708 /* ViewController.swift */,
				AD339CC12A541A6F0083D708 /* Main.storyboard */,
				AD339CC42A541A700083D708 /* Assets.xcassets */,
				AD339CC62A541A700083D708 /* LaunchScreen.storyboard */,
			);
			path = Source;
			sourceTree = "<group>";
		};
/* End PBXGroup section */

/* Begin PBXNativeTarget section */
		AD339CB72A541A6F0083D708 /* SwiftArquiteturas */ = {
			isa = PBXNativeTarget;
			buildConfigurationList = AD339CCC2A541A700083D708 /* Build configuration list for PBXNativeTarget "SwiftArquiteturas" */;
			buildPhases = (
				78E8F9C302F0873ABC2BE3C0 /* [CP] Check Pods Manifest.lock */,
				AD339CB42A541A6F0083D708 /* Sources */,
				AD339CB52A541A6F0083D708 /* Frameworks */,
				AD339CB62A541A6F0083D708 /* Resources */,
				6647BB63088EA2F51F0125BB /* [CP] Embed Pods Frameworks */,
			);
			buildRules = (
			);
			dependencies = (
			);
			name = SwiftArquiteturas;
			productName = SwiftArquiteturas;
			productReference = AD339CB82A541A6F0083D708 /* SwiftArquiteturas.app */;
			productType = "com.apple.product-type.application";
		};
/* End PBXNativeTarget section */

/* Begin PBXProject section */
		AD339CB02A541A6F0083D708 /* Project object */ = {
			isa = PBXProject;
			attributes = {
				BuildIndependentTargetsInParallel = 1;
				LastSwiftUpdateCheck = 1430;
				LastUpgradeCheck = 1430;
				TargetAttributes = {
					AD339CB72A541A6F0083D708 = {
						CreatedOnToolsVersion = 14.3.1;
					};
				};
			};
			buildConfigurationList = AD339CB32A541A6F0083D708 /* Build configuration list for PBXProject "SwiftArquiteturas" */;
			compatibilityVersion = "Xcode 14.0";
			developmentRegion = en;
			hasScannedForEncodings = 0;
			knownRegions = (
				en,
				Base,
			);
			mainGroup = AD339CAF2A541A6F0083D708;
			productRefGroup = AD339CB92A541A6F0083D708 /* Products */;
			projectDirPath = "";
			projectRoot = "";
			targets = (
				AD339CB72A541A6F0083D708 /* SwiftArquiteturas */,
			);
		};
/* End PBXProject section */

/* Begin PBXResourcesBuildPhase section */
		AD339CB62A541A6F0083D708 /* Resources */ = {
			isa = PBXResourcesBuildPhase;
			buildActionMask = 2147483647;
			files = (
				AD339CC82A541A700083D708 /* LaunchScreen.storyboard in Resources */,
				AD339CD02A541BD00083D708 /* GoogleService-Info.plist in Resources */,
				AD339CC52A541A700083D708 /* Assets.xcassets in Resources */,
				AD339CC32A541A6F0083D708 /* Main.storyboard in Resources */,
			);
			runOnlyForDeploymentPostprocessing = 0;
		};
/* End PBXResourcesBuildPhase section */

/* Begin PBXShellScriptBuildPhase section */
		6647BB63088EA2F51F0125BB /* [CP] Embed Pods Frameworks */ = {
			isa = PBXShellScriptBuildPhase;
			buildActionMask = 2147483647;
			files = (
			);
			inputFileListPaths = (
				"${PODS_ROOT}/Target Support Files/Pods-SwiftArquiteturas/Pods-SwiftArquiteturas-frameworks-${CONFIGURATION}-input-files.xcfilelist",
			);
			name = "[CP] Embed Pods Frameworks";
			outputFileListPaths = (
				"${PODS_ROOT}/Target Support Files/Pods-SwiftArquiteturas/Pods-SwiftArquiteturas-frameworks-${CONFIGURATION}-output-files.xcfilelist",
			);
			runOnlyForDeploymentPostprocessing = 0;
			shellPath = /bin/sh;
			shellScript = "\"${PODS_ROOT}/Target Support Files/Pods-SwiftArquiteturas/Pods-SwiftArquiteturas-frameworks.sh\"\n";
			showEnvVarsInLog = 0;
		};
		78E8F9C302F0873ABC2BE3C0 /* [CP] Check Pods Manifest.lock */ = {
			isa = PBXShellScriptBuildPhase;
			buildActionMask = 2147483647;
			files = (
			);
			inputFileListPaths = (
			);
			inputPaths = (
				"${PODS_PODFILE_DIR_PATH}/Podfile.lock",
				"${PODS_ROOT}/Manifest.lock",
			);
			name = "[CP] Check Pods Manifest.lock";
			outputFileListPaths = (
			);
			outputPaths = (
				"$(DERIVED_FILE_DIR)/Pods-SwiftArquiteturas-checkManifestLockResult.txt",
			);
			runOnlyForDeploymentPostprocessing = 0;
			shellPath = /bin/sh;
			shellScript = "diff \"${PODS_PODFILE_DIR_PATH}/Podfile.lock\" \"${PODS_ROOT}/Manifest.lock\" > /dev/null\nif [ $? != 0 ] ; then\n    # print error to STDERR\n    echo \"error: The sandbox is not in sync with the Podfile.lock. Run 'pod install' or update your CocoaPods installation.\" >&2\n    exit 1\nfi\n# This output is used by Xcode 'outputs' to avoid re-running this script phase.\necho \"SUCCESS\" > \"${SCRIPT_OUTPUT_FILE_0}\"\n";
			showEnvVarsInLog = 0;
		};
/* End PBXShellScriptBuildPhase section */

/* Begin PBXSourcesBuildPhase section */
		AD339CB42A541A6F0083D708 /* Sources */ = {
			isa = PBXSourcesBuildPhase;
			buildActionMask = 2147483647;
			files = (
				AD339CC02A541A6F0083D708 /* ViewController.swift in Sources */,
				AD339CBC2A541A6F0083D708 /* AppDelegate.swift in Sources */,
				AD339CBE2A541A6F0083D708 /* SceneDelegate.swift in Sources */,
				AD13E2F32A5604EA0030598C /* UserModel.swift in Sources */,
				AD13E2F02A56049F0030598C /* UserProvider.swift in Sources */,
				AD13E2F62A5609C60030598C /* Constants.swift in Sources */,
				AD13E2FA2A560EC40030598C /* UserManager.swift in Sources */,
				AD13E2F82A560B890030598C /* UserBusiness.swift in Sources */,
			);
			runOnlyForDeploymentPostprocessing = 0;
		};
/* End PBXSourcesBuildPhase section */

/* Begin PBXVariantGroup section */
		AD339CC12A541A6F0083D708 /* Main.storyboard */ = {
			isa = PBXVariantGroup;
			children = (
				AD339CC22A541A6F0083D708 /* Base */,
			);
			name = Main.storyboard;
			sourceTree = "<group>";
		};
		AD339CC62A541A700083D708 /* LaunchScreen.storyboard */ = {
			isa = PBXVariantGroup;
			children = (
				AD339CC72A541A700083D708 /* Base */,
			);
			name = LaunchScreen.storyboard;
			sourceTree = "<group>";
		};
/* End PBXVariantGroup section */

/* Begin XCBuildConfiguration section */
		AD339CCA2A541A700083D708 /* Debug */ = {
			isa = XCBuildConfiguration;
			buildSettings = {
				ALWAYS_SEARCH_USER_PATHS = NO;
				CLANG_ANALYZER_NONNULL = YES;
				CLANG_ANALYZER_NUMBER_OBJECT_CONVERSION = YES_AGGRESSIVE;
				CLANG_CXX_LANGUAGE_STANDARD = "gnu++20";
				CLANG_ENABLE_MODULES = YES;
				CLANG_ENABLE_OBJC_ARC = YES;
				CLANG_ENABLE_OBJC_WEAK = YES;
				CLANG_WARN_BLOCK_CAPTURE_AUTORELEASING = YES;
				CLANG_WARN_BOOL_CONVERSION = YES;
				CLANG_WARN_COMMA = YES;
				CLANG_WARN_CONSTANT_CONVERSION = YES;
				CLANG_WARN_DEPRECATED_OBJC_IMPLEMENTATIONS = YES;
				CLANG_WARN_DIRECT_OBJC_ISA_USAGE = YES_ERROR;
				CLANG_WARN_DOCUMENTATION_COMMENTS = YES;
				CLANG_WARN_EMPTY_BODY = YES;
				CLANG_WARN_ENUM_CONVERSION = YES;
				CLANG_WARN_INFINITE_RECURSION = YES;
				CLANG_WARN_INT_CONVERSION = YES;
				CLANG_WARN_NON_LITERAL_NULL_CONVERSION = YES;
				CLANG_WARN_OBJC_IMPLICIT_RETAIN_SELF = YES;
				CLANG_WARN_OBJC_LITERAL_CONVERSION = YES;
				CLANG_WARN_OBJC_ROOT_CLASS = YES_ERROR;
				CLANG_WARN_QUOTED_INCLUDE_IN_FRAMEWORK_HEADER = YES;
				CLANG_WARN_RANGE_LOOP_ANALYSIS = YES;
				CLANG_WARN_STRICT_PROTOTYPES = YES;
				CLANG_WARN_SUSPICIOUS_MOVE = YES;
				CLANG_WARN_UNGUARDED_AVAILABILITY = YES_AGGRESSIVE;
				CLANG_WARN_UNREACHABLE_CODE = YES;
				CLANG_WARN__DUPLICATE_METHOD_MATCH = YES;
				COPY_PHASE_STRIP = NO;
				DEBUG_INFORMATION_FORMAT = dwarf;
				ENABLE_STRICT_OBJC_MSGSEND = YES;
				ENABLE_TESTABILITY = YES;
				GCC_C_LANGUAGE_STANDARD = gnu11;
				GCC_DYNAMIC_NO_PIC = NO;
				GCC_NO_COMMON_BLOCKS = YES;
				GCC_OPTIMIZATION_LEVEL = 0;
				GCC_PREPROCESSOR_DEFINITIONS = (
					"DEBUG=1",
					"$(inherited)",
				);
				GCC_WARN_64_TO_32_BIT_CONVERSION = YES;
				GCC_WARN_ABOUT_RETURN_TYPE = YES_ERROR;
				GCC_WARN_UNDECLARED_SELECTOR = YES;
				GCC_WARN_UNINITIALIZED_AUTOS = YES_AGGRESSIVE;
				GCC_WARN_UNUSED_FUNCTION = YES;
				GCC_WARN_UNUSED_VARIABLE = YES;
				IPHONEOS_DEPLOYMENT_TARGET = 16.4;
				MTL_ENABLE_DEBUG_INFO = INCLUDE_SOURCE;
				MTL_FAST_MATH = YES;
				ONLY_ACTIVE_ARCH = YES;
				SDKROOT = iphoneos;
				SWIFT_ACTIVE_COMPILATION_CONDITIONS = DEBUG;
				SWIFT_OPTIMIZATION_LEVEL = "-Onone";
			};
			name = Debug;
		};
		AD339CCB2A541A700083D708 /* Release */ = {
			isa = XCBuildConfiguration;
			buildSettings = {
				ALWAYS_SEARCH_USER_PATHS = NO;
				CLANG_ANALYZER_NONNULL = YES;
				CLANG_ANALYZER_NUMBER_OBJECT_CONVERSION = YES_AGGRESSIVE;
				CLANG_CXX_LANGUAGE_STANDARD = "gnu++20";
				CLANG_ENABLE_MODULES = YES;
				CLANG_ENABLE_OBJC_ARC = YES;
				CLANG_ENABLE_OBJC_WEAK = YES;
				CLANG_WARN_BLOCK_CAPTURE_AUTORELEASING = YES;
				CLANG_WARN_BOOL_CONVERSION = YES;
				CLANG_WARN_COMMA = YES;
				CLANG_WARN_CONSTANT_CONVERSION = YES;
				CLANG_WARN_DEPRECATED_OBJC_IMPLEMENTATIONS = YES;
				CLANG_WARN_DIRECT_OBJC_ISA_USAGE = YES_ERROR;
				CLANG_WARN_DOCUMENTATION_COMMENTS = YES;
				CLANG_WARN_EMPTY_BODY = YES;
				CLANG_WARN_ENUM_CONVERSION = YES;
				CLANG_WARN_INFINITE_RECURSION = YES;
				CLANG_WARN_INT_CONVERSION = YES;
				CLANG_WARN_NON_LITERAL_NULL_CONVERSION = YES;
				CLANG_WARN_OBJC_IMPLICIT_RETAIN_SELF = YES;
				CLANG_WARN_OBJC_LITERAL_CONVERSION = YES;
				CLANG_WARN_OBJC_ROOT_CLASS = YES_ERROR;
				CLANG_WARN_QUOTED_INCLUDE_IN_FRAMEWORK_HEADER = YES;
				CLANG_WARN_RANGE_LOOP_ANALYSIS = YES;
				CLANG_WARN_STRICT_PROTOTYPES = YES;
				CLANG_WARN_SUSPICIOUS_MOVE = YES;
				CLANG_WARN_UNGUARDED_AVAILABILITY = YES_AGGRESSIVE;
				CLANG_WARN_UNREACHABLE_CODE = YES;
				CLANG_WARN__DUPLICATE_METHOD_MATCH = YES;
				COPY_PHASE_STRIP = NO;
				DEBUG_INFORMATION_FORMAT = "dwarf-with-dsym";
				ENABLE_NS_ASSERTIONS = NO;
				ENABLE_STRICT_OBJC_MSGSEND = YES;
				GCC_C_LANGUAGE_STANDARD = gnu11;
				GCC_NO_COMMON_BLOCKS = YES;
				GCC_WARN_64_TO_32_BIT_CONVERSION = YES;
				GCC_WARN_ABOUT_RETURN_TYPE = YES_ERROR;
				GCC_WARN_UNDECLARED_SELECTOR = YES;
				GCC_WARN_UNINITIALIZED_AUTOS = YES_AGGRESSIVE;
				GCC_WARN_UNUSED_FUNCTION = YES;
				GCC_WARN_UNUSED_VARIABLE = YES;
				IPHONEOS_DEPLOYMENT_TARGET = 16.4;
				MTL_ENABLE_DEBUG_INFO = NO;
				MTL_FAST_MATH = YES;
				SDKROOT = iphoneos;
				SWIFT_COMPILATION_MODE = wholemodule;
				SWIFT_OPTIMIZATION_LEVEL = "-O";
				VALIDATE_PRODUCT = YES;
			};
			name = Release;
		};
		AD339CCD2A541A700083D708 /* Debug */ = {
			isa = XCBuildConfiguration;
			baseConfigurationReference = B85DAA108197C48D1C18F1A6 /* Pods-SwiftArquiteturas.debug.xcconfig */;
			buildSettings = {
				ASSETCATALOG_COMPILER_APPICON_NAME = AppIcon;
				ASSETCATALOG_COMPILER_GLOBAL_ACCENT_COLOR_NAME = AccentColor;
				CODE_SIGN_STYLE = Automatic;
				CURRENT_PROJECT_VERSION = 1;
				GENERATE_INFOPLIST_FILE = YES;
				INFOPLIST_FILE = SwiftArquiteturas/Info.plist;
				INFOPLIST_KEY_UIApplicationSupportsIndirectInputEvents = YES;
				INFOPLIST_KEY_UILaunchStoryboardName = LaunchScreen;
				INFOPLIST_KEY_UIMainStoryboardFile = Main;
				INFOPLIST_KEY_UISupportedInterfaceOrientations_iPad = "UIInterfaceOrientationPortrait UIInterfaceOrientationPortraitUpsideDown UIInterfaceOrientationLandscapeLeft UIInterfaceOrientationLandscapeRight";
				INFOPLIST_KEY_UISupportedInterfaceOrientations_iPhone = "UIInterfaceOrientationPortrait UIInterfaceOrientationLandscapeLeft UIInterfaceOrientationLandscapeRight";
				LD_RUNPATH_SEARCH_PATHS = (
					"$(inherited)",
					"@executable_path/Frameworks",
				);
				MARKETING_VERSION = 1.0;
				PRODUCT_BUNDLE_IDENTIFIER = br.com.brunooga.SwiftArquiteturas;
				PRODUCT_NAME = "$(TARGET_NAME)";
				SWIFT_EMIT_LOC_STRINGS = YES;
				SWIFT_VERSION = 5.0;
				TARGETED_DEVICE_FAMILY = "1,2";
			};
			name = Debug;
		};
		AD339CCE2A541A700083D708 /* Release */ = {
			isa = XCBuildConfiguration;
			baseConfigurationReference = F884B19861429FA34C8814DD /* Pods-SwiftArquiteturas.release.xcconfig */;
			buildSettings = {
				ASSETCATALOG_COMPILER_APPICON_NAME = AppIcon;
				ASSETCATALOG_COMPILER_GLOBAL_ACCENT_COLOR_NAME = AccentColor;
				CODE_SIGN_STYLE = Automatic;
				CURRENT_PROJECT_VERSION = 1;
				GENERATE_INFOPLIST_FILE = YES;
				INFOPLIST_FILE = SwiftArquiteturas/Info.plist;
				INFOPLIST_KEY_UIApplicationSupportsIndirectInputEvents = YES;
				INFOPLIST_KEY_UILaunchStoryboardName = LaunchScreen;
				INFOPLIST_KEY_UIMainStoryboardFile = Main;
				INFOPLIST_KEY_UISupportedInterfaceOrientations_iPad = "UIInterfaceOrientationPortrait UIInterfaceOrientationPortraitUpsideDown UIInterfaceOrientationLandscapeLeft UIInterfaceOrientationLandscapeRight";
				INFOPLIST_KEY_UISupportedInterfaceOrientations_iPhone = "UIInterfaceOrientationPortrait UIInterfaceOrientationLandscapeLeft UIInterfaceOrientationLandscapeRight";
				LD_RUNPATH_SEARCH_PATHS = (
					"$(inherited)",
					"@executable_path/Frameworks",
				);
				MARKETING_VERSION = 1.0;
				PRODUCT_BUNDLE_IDENTIFIER = br.com.brunooga.SwiftArquiteturas;
				PRODUCT_NAME = "$(TARGET_NAME)";
				SWIFT_EMIT_LOC_STRINGS = YES;
				SWIFT_VERSION = 5.0;
				TARGETED_DEVICE_FAMILY = "1,2";
			};
			name = Release;
		};
/* End XCBuildConfiguration section */

/* Begin XCConfigurationList section */
		AD339CB32A541A6F0083D708 /* Build configuration list for PBXProject "SwiftArquiteturas" */ = {
			isa = XCConfigurationList;
			buildConfigurations = (
				AD339CCA2A541A700083D708 /* Debug */,
				AD339CCB2A541A700083D708 /* Release */,
			);
			defaultConfigurationIsVisible = 0;
			defaultConfigurationName = Release;
		};
		AD339CCC2A541A700083D708 /* Build configuration list for PBXNativeTarget "SwiftArquiteturas" */ = {
			isa = XCConfigurationList;
			buildConfigurations = (
				AD339CCD2A541A700083D708 /* Debug */,
				AD339CCE2A541A700083D708 /* Release */,
			);
			defaultConfigurationIsVisible = 0;
			defaultConfigurationName = Release;
		};
/* End XCConfigurationList section */
	};
	rootObject = AD339CB02A541A6F0083D708 /* Project object */;
}
