// !$*UTF8*$!
{
	archiveVersion = 1;
	classes = {
	};
	objectVersion = 56;
	objects = {

/* Begin PBXBuildFile section */
		ADE72DD129FBBC2C0094CD40 /* AppDelegate.swift in Sources */ = {isa = PBXBuildFile; fileRef = ADE72DD029FBBC2C0094CD40 /* AppDelegate.swift */; };
		ADE72DD329FBBC2C0094CD40 /* SceneDelegate.swift in Sources */ = {isa = PBXBuildFile; fileRef = ADE72DD229FBBC2C0094CD40 /* SceneDelegate.swift */; };
		ADE72DD529FBBC2C0094CD40 /* HomeVC.swift in Sources */ = {isa = PBXBuildFile; fileRef = ADE72DD429FBBC2C0094CD40 /* HomeVC.swift */; };
		ADE72DDA29FBBC2D0094CD40 /* Assets.xcassets in Resources */ = {isa = PBXBuildFile; fileRef = ADE72DD929FBBC2D0094CD40 /* Assets.xcassets */; };
		ADE72DDD29FBBC2D0094CD40 /* LaunchScreen.storyboard in Resources */ = {isa = PBXBuildFile; fileRef = ADE72DDB29FBBC2D0094CD40 /* LaunchScreen.storyboard */; };
		ADE72DE529FBBD630094CD40 /* HomeScreen.swift in Sources */ = {isa = PBXBuildFile; fileRef = ADE72DE429FBBD630094CD40 /* HomeScreen.swift */; };
		ADE72DE829FBC81C0094CD40 /* SelectionScreen.swift in Sources */ = {isa = PBXBuildFile; fileRef = ADE72DE729FBC81C0094CD40 /* SelectionScreen.swift */; };
		ADE72DEA29FBC8310094CD40 /* SelectionVC.swift in Sources */ = {isa = PBXBuildFile; fileRef = ADE72DE929FBC8310094CD40 /* SelectionVC.swift */; };
/* End PBXBuildFile section */

/* Begin PBXFileReference section */
		ADE72DCD29FBBC2C0094CD40 /* 19-NotificationCenterEProtocolo.app */ = {isa = PBXFileReference; explicitFileType = wrapper.application; includeInIndex = 0; path = "19-NotificationCenterEProtocolo.app"; sourceTree = BUILT_PRODUCTS_DIR; };
		ADE72DD029FBBC2C0094CD40 /* AppDelegate.swift */ = {isa = PBXFileReference; lastKnownFileType = sourcecode.swift; path = AppDelegate.swift; sourceTree = "<group>"; };
		ADE72DD229FBBC2C0094CD40 /* SceneDelegate.swift */ = {isa = PBXFileReference; lastKnownFileType = sourcecode.swift; path = SceneDelegate.swift; sourceTree = "<group>"; };
		ADE72DD429FBBC2C0094CD40 /* HomeVC.swift */ = {isa = PBXFileReference; lastKnownFileType = sourcecode.swift; path = HomeVC.swift; sourceTree = "<group>"; };
		ADE72DD929FBBC2D0094CD40 /* Assets.xcassets */ = {isa = PBXFileReference; lastKnownFileType = folder.assetcatalog; path = Assets.xcassets; sourceTree = "<group>"; };
		ADE72DDC29FBBC2D0094CD40 /* Base */ = {isa = PBXFileReference; lastKnownFileType = file.storyboard; name = Base; path = Base.lproj/LaunchScreen.storyboard; sourceTree = "<group>"; };
		ADE72DDE29FBBC2D0094CD40 /* Info.plist */ = {isa = PBXFileReference; lastKnownFileType = text.plist.xml; path = Info.plist; sourceTree = "<group>"; };
		ADE72DE429FBBD630094CD40 /* HomeScreen.swift */ = {isa = PBXFileReference; lastKnownFileType = sourcecode.swift; path = HomeScreen.swift; sourceTree = "<group>"; };
		ADE72DE729FBC81C0094CD40 /* SelectionScreen.swift */ = {isa = PBXFileReference; lastKnownFileType = sourcecode.swift; path = SelectionScreen.swift; sourceTree = "<group>"; };
		ADE72DE929FBC8310094CD40 /* SelectionVC.swift */ = {isa = PBXFileReference; lastKnownFileType = sourcecode.swift; path = SelectionVC.swift; sourceTree = "<group>"; };
/* End PBXFileReference section */

/* Begin PBXFrameworksBuildPhase section */
		ADE72DCA29FBBC2C0094CD40 /* Frameworks */ = {
			isa = PBXFrameworksBuildPhase;
			buildActionMask = 2147483647;
			files = (
			);
			runOnlyForDeploymentPostprocessing = 0;
		};
/* End PBXFrameworksBuildPhase section */

/* Begin PBXGroup section */
		ADE72DC429FBBC2C0094CD40 = {
			isa = PBXGroup;
			children = (
				ADE72DCF29FBBC2C0094CD40 /* 19-NotificationCenterEProtocolo */,
				ADE72DCE29FBBC2C0094CD40 /* Products */,
			);
			sourceTree = "<group>";
		};
		ADE72DCE29FBBC2C0094CD40 /* Products */ = {
			isa = PBXGroup;
			children = (
				ADE72DCD29FBBC2C0094CD40 /* 19-NotificationCenterEProtocolo.app */,
			);
			name = Products;
			sourceTree = "<group>";
		};
		ADE72DCF29FBBC2C0094CD40 /* 19-NotificationCenterEProtocolo */ = {
			isa = PBXGroup;
			children = (
				ADE72DE629FBC7FF0094CD40 /* SelectionVC */,
				ADE72DD029FBBC2C0094CD40 /* AppDelegate.swift */,
				ADE72DD229FBBC2C0094CD40 /* SceneDelegate.swift */,
				ADE72DD429FBBC2C0094CD40 /* HomeVC.swift */,
				ADE72DD929FBBC2D0094CD40 /* Assets.xcassets */,
				ADE72DDB29FBBC2D0094CD40 /* LaunchScreen.storyboard */,
				ADE72DDE29FBBC2D0094CD40 /* Info.plist */,
				ADE72DE429FBBD630094CD40 /* HomeScreen.swift */,
			);
			path = "19-NotificationCenterEProtocolo";
			sourceTree = "<group>";
		};
		ADE72DE629FBC7FF0094CD40 /* SelectionVC */ = {
			isa = PBXGroup;
			children = (
				ADE72DE729FBC81C0094CD40 /* SelectionScreen.swift */,
				ADE72DE929FBC8310094CD40 /* SelectionVC.swift */,
			);
			path = SelectionVC;
			sourceTree = "<group>";
		};
/* End PBXGroup section */

/* Begin PBXNativeTarget section */
		ADE72DCC29FBBC2C0094CD40 /* 19-NotificationCenterEProtocolo */ = {
			isa = PBXNativeTarget;
			buildConfigurationList = ADE72DE129FBBC2D0094CD40 /* Build configuration list for PBXNativeTarget "19-NotificationCenterEProtocolo" */;
			buildPhases = (
				ADE72DC929FBBC2C0094CD40 /* Sources */,
				ADE72DCA29FBBC2C0094CD40 /* Frameworks */,
				ADE72DCB29FBBC2C0094CD40 /* Resources */,
			);
			buildRules = (
			);
			dependencies = (
			);
			name = "19-NotificationCenterEProtocolo";
			productName = "19-NotificationCenterEProtocolo";
			productReference = ADE72DCD29FBBC2C0094CD40 /* 19-NotificationCenterEProtocolo.app */;
			productType = "com.apple.product-type.application";
		};
/* End PBXNativeTarget section */

/* Begin PBXProject section */
		ADE72DC529FBBC2C0094CD40 /* Project object */ = {
			isa = PBXProject;
			attributes = {
				BuildIndependentTargetsInParallel = 1;
				LastSwiftUpdateCheck = 1430;
				LastUpgradeCheck = 1430;
				TargetAttributes = {
					ADE72DCC29FBBC2C0094CD40 = {
						CreatedOnToolsVersion = 14.3;
					};
				};
			};
			buildConfigurationList = ADE72DC829FBBC2C0094CD40 /* Build configuration list for PBXProject "19-NotificationCenterEProtocolo" */;
			compatibilityVersion = "Xcode 14.0";
			developmentRegion = en;
			hasScannedForEncodings = 0;
			knownRegions = (
				en,
				Base,
			);
			mainGroup = ADE72DC429FBBC2C0094CD40;
			productRefGroup = ADE72DCE29FBBC2C0094CD40 /* Products */;
			projectDirPath = "";
			projectRoot = "";
			targets = (
				ADE72DCC29FBBC2C0094CD40 /* 19-NotificationCenterEProtocolo */,
			);
		};
/* End PBXProject section */

/* Begin PBXResourcesBuildPhase section */
		ADE72DCB29FBBC2C0094CD40 /* Resources */ = {
			isa = PBXResourcesBuildPhase;
			buildActionMask = 2147483647;
			files = (
				ADE72DDD29FBBC2D0094CD40 /* LaunchScreen.storyboard in Resources */,
				ADE72DDA29FBBC2D0094CD40 /* Assets.xcassets in Resources */,
			);
			runOnlyForDeploymentPostprocessing = 0;
		};
/* End PBXResourcesBuildPhase section */

/* Begin PBXSourcesBuildPhase section */
		ADE72DC929FBBC2C0094CD40 /* Sources */ = {
			isa = PBXSourcesBuildPhase;
			buildActionMask = 2147483647;
			files = (
				ADE72DE529FBBD630094CD40 /* HomeScreen.swift in Sources */,
				ADE72DEA29FBC8310094CD40 /* SelectionVC.swift in Sources */,
				ADE72DD529FBBC2C0094CD40 /* HomeVC.swift in Sources */,
				ADE72DD129FBBC2C0094CD40 /* AppDelegate.swift in Sources */,
				ADE72DE829FBC81C0094CD40 /* SelectionScreen.swift in Sources */,
				ADE72DD329FBBC2C0094CD40 /* SceneDelegate.swift in Sources */,
			);
			runOnlyForDeploymentPostprocessing = 0;
		};
/* End PBXSourcesBuildPhase section */

/* Begin PBXVariantGroup section */
		ADE72DDB29FBBC2D0094CD40 /* LaunchScreen.storyboard */ = {
			isa = PBXVariantGroup;
			children = (
				ADE72DDC29FBBC2D0094CD40 /* Base */,
			);
			name = LaunchScreen.storyboard;
			sourceTree = "<group>";
		};
/* End PBXVariantGroup section */

/* Begin XCBuildConfiguration section */
		ADE72DDF29FBBC2D0094CD40 /* Debug */ = {
			isa = XCBuildConfiguration;
			buildSettings = {
				ALWAYS_SEARCH_USER_PATHS = NO;
				CLANG_ANALYZER_NONNULL = YES;
				CLANG_ANALYZER_NUMBER_OBJECT_CONVERSION = YES_AGGRESSIVE;
				CLANG_CXX_LANGUAGE_STANDARD = "gnu++20";
				CLANG_ENABLE_MODULES = YES;
				CLANG_ENABLE_OBJC_ARC = YES;
				CLANG_ENABLE_OBJC_WEAK = YES;
				CLANG_WARN_BLOCK_CAPTURE_AUTORELEASING = YES;
				CLANG_WARN_BOOL_CONVERSION = YES;
				CLANG_WARN_COMMA = YES;
				CLANG_WARN_CONSTANT_CONVERSION = YES;
				CLANG_WARN_DEPRECATED_OBJC_IMPLEMENTATIONS = YES;
				CLANG_WARN_DIRECT_OBJC_ISA_USAGE = YES_ERROR;
				CLANG_WARN_DOCUMENTATION_COMMENTS = YES;
				CLANG_WARN_EMPTY_BODY = YES;
				CLANG_WARN_ENUM_CONVERSION = YES;
				CLANG_WARN_INFINITE_RECURSION = YES;
				CLANG_WARN_INT_CONVERSION = YES;
				CLANG_WARN_NON_LITERAL_NULL_CONVERSION = YES;
				CLANG_WARN_OBJC_IMPLICIT_RETAIN_SELF = YES;
				CLANG_WARN_OBJC_LITERAL_CONVERSION = YES;
				CLANG_WARN_OBJC_ROOT_CLASS = YES_ERROR;
				CLANG_WARN_QUOTED_INCLUDE_IN_FRAMEWORK_HEADER = YES;
				CLANG_WARN_RANGE_LOOP_ANALYSIS = YES;
				CLANG_WARN_STRICT_PROTOTYPES = YES;
				CLANG_WARN_SUSPICIOUS_MOVE = YES;
				CLANG_WARN_UNGUARDED_AVAILABILITY = YES_AGGRESSIVE;
				CLANG_WARN_UNREACHABLE_CODE = YES;
				CLANG_WARN__DUPLICATE_METHOD_MATCH = YES;
				COPY_PHASE_STRIP = NO;
				DEBUG_INFORMATION_FORMAT = dwarf;
				ENABLE_STRICT_OBJC_MSGSEND = YES;
				ENABLE_TESTABILITY = YES;
				GCC_C_LANGUAGE_STANDARD = gnu11;
				GCC_DYNAMIC_NO_PIC = NO;
				GCC_NO_COMMON_BLOCKS = YES;
				GCC_OPTIMIZATION_LEVEL = 0;
				GCC_PREPROCESSOR_DEFINITIONS = (
					"DEBUG=1",
					"$(inherited)",
				);
				GCC_WARN_64_TO_32_BIT_CONVERSION = YES;
				GCC_WARN_ABOUT_RETURN_TYPE = YES_ERROR;
				GCC_WARN_UNDECLARED_SELECTOR = YES;
				GCC_WARN_UNINITIALIZED_AUTOS = YES_AGGRESSIVE;
				GCC_WARN_UNUSED_FUNCTION = YES;
				GCC_WARN_UNUSED_VARIABLE = YES;
				IPHONEOS_DEPLOYMENT_TARGET = 16.4;
				MTL_ENABLE_DEBUG_INFO = INCLUDE_SOURCE;
				MTL_FAST_MATH = YES;
				ONLY_ACTIVE_ARCH = YES;
				SDKROOT = iphoneos;
				SWIFT_ACTIVE_COMPILATION_CONDITIONS = DEBUG;
				SWIFT_OPTIMIZATION_LEVEL = "-Onone";
			};
			name = Debug;
		};
		ADE72DE029FBBC2D0094CD40 /* Release */ = {
			isa = XCBuildConfiguration;
			buildSettings = {
				ALWAYS_SEARCH_USER_PATHS = NO;
				CLANG_ANALYZER_NONNULL = YES;
				CLANG_ANALYZER_NUMBER_OBJECT_CONVERSION = YES_AGGRESSIVE;
				CLANG_CXX_LANGUAGE_STANDARD = "gnu++20";
				CLANG_ENABLE_MODULES = YES;
				CLANG_ENABLE_OBJC_ARC = YES;
				CLANG_ENABLE_OBJC_WEAK = YES;
				CLANG_WARN_BLOCK_CAPTURE_AUTORELEASING = YES;
				CLANG_WARN_BOOL_CONVERSION = YES;
				CLANG_WARN_COMMA = YES;
				CLANG_WARN_CONSTANT_CONVERSION = YES;
				CLANG_WARN_DEPRECATED_OBJC_IMPLEMENTATIONS = YES;
				CLANG_WARN_DIRECT_OBJC_ISA_USAGE = YES_ERROR;
				CLANG_WARN_DOCUMENTATION_COMMENTS = YES;
				CLANG_WARN_EMPTY_BODY = YES;
				CLANG_WARN_ENUM_CONVERSION = YES;
				CLANG_WARN_INFINITE_RECURSION = YES;
				CLANG_WARN_INT_CONVERSION = YES;
				CLANG_WARN_NON_LITERAL_NULL_CONVERSION = YES;
				CLANG_WARN_OBJC_IMPLICIT_RETAIN_SELF = YES;
				CLANG_WARN_OBJC_LITERAL_CONVERSION = YES;
				CLANG_WARN_OBJC_ROOT_CLASS = YES_ERROR;
				CLANG_WARN_QUOTED_INCLUDE_IN_FRAMEWORK_HEADER = YES;
				CLANG_WARN_RANGE_LOOP_ANALYSIS = YES;
				CLANG_WARN_STRICT_PROTOTYPES = YES;
				CLANG_WARN_SUSPICIOUS_MOVE = YES;
				CLANG_WARN_UNGUARDED_AVAILABILITY = YES_AGGRESSIVE;
				CLANG_WARN_UNREACHABLE_CODE = YES;
				CLANG_WARN__DUPLICATE_METHOD_MATCH = YES;
				COPY_PHASE_STRIP = NO;
				DEBUG_INFORMATION_FORMAT = "dwarf-with-dsym";
				ENABLE_NS_ASSERTIONS = NO;
				ENABLE_STRICT_OBJC_MSGSEND = YES;
				GCC_C_LANGUAGE_STANDARD = gnu11;
				GCC_NO_COMMON_BLOCKS = YES;
				GCC_WARN_64_TO_32_BIT_CONVERSION = YES;
				GCC_WARN_ABOUT_RETURN_TYPE = YES_ERROR;
				GCC_WARN_UNDECLARED_SELECTOR = YES;
				GCC_WARN_UNINITIALIZED_AUTOS = YES_AGGRESSIVE;
				GCC_WARN_UNUSED_FUNCTION = YES;
				GCC_WARN_UNUSED_VARIABLE = YES;
				IPHONEOS_DEPLOYMENT_TARGET = 16.4;
				MTL_ENABLE_DEBUG_INFO = NO;
				MTL_FAST_MATH = YES;
				SDKROOT = iphoneos;
				SWIFT_COMPILATION_MODE = wholemodule;
				SWIFT_OPTIMIZATION_LEVEL = "-O";
				VALIDATE_PRODUCT = YES;
			};
			name = Release;
		};
		ADE72DE229FBBC2D0094CD40 /* Debug */ = {
			isa = XCBuildConfiguration;
			buildSettings = {
				ASSETCATALOG_COMPILER_APPICON_NAME = AppIcon;
				ASSETCATALOG_COMPILER_GLOBAL_ACCENT_COLOR_NAME = AccentColor;
				CODE_SIGN_STYLE = Automatic;
				CURRENT_PROJECT_VERSION = 1;
				GENERATE_INFOPLIST_FILE = YES;
				INFOPLIST_FILE = "19-NotificationCenterEProtocolo/Info.plist";
				INFOPLIST_KEY_UIApplicationSupportsIndirectInputEvents = YES;
				INFOPLIST_KEY_UILaunchStoryboardName = LaunchScreen;
				INFOPLIST_KEY_UIMainStoryboardFile = "";
				INFOPLIST_KEY_UISupportedInterfaceOrientations_iPad = "UIInterfaceOrientationPortrait UIInterfaceOrientationPortraitUpsideDown UIInterfaceOrientationLandscapeLeft UIInterfaceOrientationLandscapeRight";
				INFOPLIST_KEY_UISupportedInterfaceOrientations_iPhone = "UIInterfaceOrientationPortrait UIInterfaceOrientationLandscapeLeft UIInterfaceOrientationLandscapeRight";
				LD_RUNPATH_SEARCH_PATHS = (
					"$(inherited)",
					"@executable_path/Frameworks",
				);
				MARKETING_VERSION = 1.0;
				PRODUCT_BUNDLE_IDENTIFIER = "oga.company.-9-NotificationCenterEProtocolo";
				PRODUCT_NAME = "$(TARGET_NAME)";
				SUPPORTED_PLATFORMS = "iphoneos iphonesimulator";
				SUPPORTS_MACCATALYST = NO;
				SUPPORTS_MAC_DESIGNED_FOR_IPHONE_IPAD = NO;
				SWIFT_EMIT_LOC_STRINGS = YES;
				SWIFT_VERSION = 5.0;
				TARGETED_DEVICE_FAMILY = 1;
			};
			name = Debug;
		};
		ADE72DE329FBBC2D0094CD40 /* Release */ = {
			isa = XCBuildConfiguration;
			buildSettings = {
				ASSETCATALOG_COMPILER_APPICON_NAME = AppIcon;
				ASSETCATALOG_COMPILER_GLOBAL_ACCENT_COLOR_NAME = AccentColor;
				CODE_SIGN_STYLE = Automatic;
				CURRENT_PROJECT_VERSION = 1;
				GENERATE_INFOPLIST_FILE = YES;
				INFOPLIST_FILE = "19-NotificationCenterEProtocolo/Info.plist";
				INFOPLIST_KEY_UIApplicationSupportsIndirectInputEvents = YES;
				INFOPLIST_KEY_UILaunchStoryboardName = LaunchScreen;
				INFOPLIST_KEY_UIMainStoryboardFile = "";
				INFOPLIST_KEY_UISupportedInterfaceOrientations_iPad = "UIInterfaceOrientationPortrait UIInterfaceOrientationPortraitUpsideDown UIInterfaceOrientationLandscapeLeft UIInterfaceOrientationLandscapeRight";
				INFOPLIST_KEY_UISupportedInterfaceOrientations_iPhone = "UIInterfaceOrientationPortrait UIInterfaceOrientationLandscapeLeft UIInterfaceOrientationLandscapeRight";
				LD_RUNPATH_SEARCH_PATHS = (
					"$(inherited)",
					"@executable_path/Frameworks",
				);
				MARKETING_VERSION = 1.0;
				PRODUCT_BUNDLE_IDENTIFIER = "oga.company.-9-NotificationCenterEProtocolo";
				PRODUCT_NAME = "$(TARGET_NAME)";
				SUPPORTED_PLATFORMS = "iphoneos iphonesimulator";
				SUPPORTS_MACCATALYST = NO;
				SUPPORTS_MAC_DESIGNED_FOR_IPHONE_IPAD = NO;
				SWIFT_EMIT_LOC_STRINGS = YES;
				SWIFT_VERSION = 5.0;
				TARGETED_DEVICE_FAMILY = 1;
			};
			name = Release;
		};
/* End XCBuildConfiguration section */

/* Begin XCConfigurationList section */
		ADE72DC829FBBC2C0094CD40 /* Build configuration list for PBXProject "19-NotificationCenterEProtocolo" */ = {
			isa = XCConfigurationList;
			buildConfigurations = (
				ADE72DDF29FBBC2D0094CD40 /* Debug */,
				ADE72DE029FBBC2D0094CD40 /* Release */,
			);
			defaultConfigurationIsVisible = 0;
			defaultConfigurationName = Release;
		};
		ADE72DE129FBBC2D0094CD40 /* Build configuration list for PBXNativeTarget "19-NotificationCenterEProtocolo" */ = {
			isa = XCConfigurationList;
			buildConfigurations = (
				ADE72DE229FBBC2D0094CD40 /* Debug */,
				ADE72DE329FBBC2D0094CD40 /* Release */,
			);
			defaultConfigurationIsVisible = 0;
			defaultConfigurationName = Release;
		};
/* End XCConfigurationList section */
	};
	rootObject = ADE72DC529FBBC2C0094CD40 /* Project object */;
}
